<?xml version="1.0" encoding="UTF-8"?>
<!DOCTYPE plist PUBLIC "-//Apple//DTD PLIST 1.0//EN" "http://www.apple.com/DTDs/PropertyList-1.0.dtd">
<plist version="1.0">
<dict>
	<key>archiveVersion</key>
	<string>1</string>
	<key>classes</key>
	<dict/>
	<key>objectVersion</key>
	<string>46</string>
	<key>objects</key>
	<dict>
		<key>054FED2333CDCBDD33B77B7B</key>
		<dict>
			<key>children</key>
			<array>
				<string>9A8EF6C4532FDDF483C69AC2</string>
				<string>AFAD63D11F806A4597D935C0</string>
				<string>B010667371FA0B1D276AD141</string>
			</array>
			<key>isa</key>
			<string>PBXGroup</string>
			<key>path</key>
			<string>src</string>
			<key>sourceTree</key>
			<string>&lt;group&gt;</string>
		</dict>
		<key>068EBEB78E5D92ADAE11095B</key>
		<dict>
			<key>fileEncoding</key>
			<string>4</string>
			<key>isa</key>
			<string>PBXFileReference</string>
			<key>lastKnownFileType</key>
			<string>sourcecode.c.h</string>
			<key>path</key>
			<string>CppTweener.h</string>
			<key>sourceTree</key>
			<string>&lt;group&gt;</string>
		</dict>
		<key>0A70EE869FD27F8A180D6B21</key>
		<dict>
			<key>children</key>
			<array>
				<string>3B73C1A3F266BAFE57AA5FCF</string>
				<string>416FFDAD4F62DFD86041913E</string>
				<string>18DA2122C2783DB05DEBCE87</string>
				<string>2F0C07515189549AB21D6C38</string>
				<string>94BFEFD547F62B080775EC81</string>
				<string>5DDEC0BDA035194309B83CD4</string>
				<string>DDC8EC91E48884FFB46E26FB</string>
				<string>068EBEB78E5D92ADAE11095B</string>
				<string>98FCF23F427DE6A108C15AA6</string>
				<string>28FF0CB9970996CA72B6D8AF</string>
				<string>C4E6595B0C243ADE291984F7</string>
				<string>161625A0B9B60B3170D39B88</string>
				<string>8D8426D466CDE2C2A87A7DFE</string>
				<string>406698A95BD84DAFAA009924</string>
				<string>EDA4DA295FDA8C4CB1406348</string>
				<string>A2D54B529EAA008CE50726B8</string>
				<string>CC377B7E1C1A7594D8F40115</string>
				<string>BFC86602DFCA82C2E2D534F3</string>
				<string>6EE5442F865B09EE4CCDDD94</string>
				<string>28B8E32B7A472D163E9D2DC6</string>
				<string>85DCEEAD5DD142F981D3956D</string>
				<string>FD88671DF8B4B266FA2592E9</string>
				<string>4978426631D37FA3EB1FA547</string>
				<string>BA474BDD58A8A242D48E3F62</string>
				<string>0E096E79A1021312BAE600E8</string>
				<string>0F77523ADC0CAD404B667E1D</string>
				<string>24D87983B8A48C4385029E52</string>
				<string>CA27AF5B36F66F2A1AECA205</string>
				<string>B5E2643A08392C8D41DA1D26</string>
				<string>747C12409A0AAB8D4B8A11A2</string>
				<string>9439510945C804E7C475C20A</string>
				<string>EB80D30EC1B32976167B8FF0</string>
				<string>61A842419EFF74F93FDBDE5A</string>
				<string>4FC5B0B6811ACF1E0F875E1C</string>
				<string>DEB674ED2671AC7658B14059</string>
				<string>FA798853D6872E5FF721121E</string>
				<string>1A257ABDA31A9FEA901F6957</string>
				<string>95B64F47E6BB11684D850782</string>
				<string>110B722BF8FF24E188B393E0</string>
				<string>D93805C37AB468ED5C6D7AD9</string>
				<string>CA39C804B514C2081D4B78BC</string>
				<string>787C60702CF6603591BB1CF5</string>
				<string>88DC2EDABCBC86DA517F92B3</string>
				<string>9FB101D8E87C0173018F0586</string>
				<string>403378E55FDCA8AA24E8104A</string>
				<string>31153764B68C60DF6CD8F96D</string>
			</array>
			<key>isa</key>
			<string>PBXGroup</string>
			<key>path</key>
			<string>src</string>
			<key>sourceTree</key>
			<string>&lt;group&gt;</string>
		</dict>
		<key>0A7F820ED2DDF888076C5862</key>
		<dict>
			<key>fileEncoding</key>
			<string>4</string>
			<key>isa</key>
			<string>PBXFileReference</string>
			<key>lastKnownFileType</key>
			<string>sourcecode.c.h</string>
			<key>path</key>
			<string>fontstash.h</string>
			<key>sourceTree</key>
			<string>&lt;group&gt;</string>
		</dict>
		<key>0E096E79A1021312BAE600E8</key>
		<dict>
			<key>fileEncoding</key>
			<string>4</string>
			<key>isa</key>
			<string>PBXFileReference</string>
			<key>lastKnownFileType</key>
			<string>sourcecode.cpp.cpp</string>
			<key>path</key>
			<string>MuiParameterPanel.cpp</string>
			<key>sourceTree</key>
			<string>&lt;group&gt;</string>
		</dict>
		<key>0F77523ADC0CAD404B667E1D</key>
		<dict>
			<key>fileEncoding</key>
			<string>4</string>
			<key>isa</key>
			<string>PBXFileReference</string>
			<key>lastKnownFileType</key>
			<string>sourcecode.c.h</string>
			<key>path</key>
			<string>MuiParameterPanel.h</string>
			<key>sourceTree</key>
			<string>&lt;group&gt;</string>
		</dict>
		<key>110B722BF8FF24E188B393E0</key>
		<dict>
			<key>fileEncoding</key>
			<string>4</string>
			<key>isa</key>
			<string>PBXFileReference</string>
			<key>lastKnownFileType</key>
			<string>sourcecode.cpp.cpp</string>
			<key>path</key>
			<string>SliderWithLabel.cpp</string>
			<key>sourceTree</key>
			<string>&lt;group&gt;</string>
		</dict>
		<key>161625A0B9B60B3170D39B88</key>
		<dict>
			<key>fileEncoding</key>
			<string>4</string>
			<key>isa</key>
			<string>PBXFileReference</string>
			<key>lastKnownFileType</key>
			<string>sourcecode.c.h</string>
			<key>path</key>
			<string>Helpers.h</string>
			<key>sourceTree</key>
			<string>&lt;group&gt;</string>
		</dict>
		<key>18DA2122C2783DB05DEBCE87</key>
		<dict>
			<key>fileEncoding</key>
			<string>4</string>
			<key>isa</key>
			<string>PBXFileReference</string>
			<key>lastKnownFileType</key>
			<string>sourcecode.cpp.cpp</string>
			<key>path</key>
			<string>Button.cpp</string>
			<key>sourceTree</key>
			<string>&lt;group&gt;</string>
		</dict>
		<key>1A0880B242152CFA688DF129</key>
		<dict>
			<key>children</key>
			<array>
				<string>34BC7FEF3D7A02714426AB6E</string>
				<string>AB8D3C50F77BA495EBC9E737</string>
				<string>2B1CA612779C815E85E81F8F</string>
				<string>7B30A4B1E18298FFE3EE8C09</string>
			</array>
			<key>isa</key>
			<string>PBXGroup</string>
			<key>name</key>
			<string>local_addons</string>
			<key>sourceTree</key>
			<string>&lt;group&gt;</string>
		</dict>
		<key>1A257ABDA31A9FEA901F6957</key>
		<dict>
			<key>fileEncoding</key>
			<string>4</string>
			<key>isa</key>
			<string>PBXFileReference</string>
			<key>lastKnownFileType</key>
			<string>sourcecode.cpp.cpp</string>
			<key>path</key>
			<string>Slider.cpp</string>
			<key>sourceTree</key>
			<string>&lt;group&gt;</string>
		</dict>
		<key>1C385D463F652176C0987363</key>
		<dict>
			<key>fileRef</key>
			<string>24D87983B8A48C4385029E52</string>
			<key>isa</key>
			<string>PBXBuildFile</string>
		</dict>
		<key>1CA38CE0608E3BBB595BCDFE</key>
		<dict>
			<key>fileEncoding</key>
			<string>4</string>
			<key>isa</key>
			<string>PBXFileReference</string>
			<key>lastKnownFileType</key>
			<string>sourcecode.cpp.cpp</string>
			<key>path</key>
			<string>ofxAvAudioPlayer.cpp</string>
			<key>sourceTree</key>
			<string>&lt;group&gt;</string>
		</dict>
		<key>1D9645D095F60AB365003B06</key>
		<dict>
			<key>fileEncoding</key>
			<string>4</string>
			<key>isa</key>
			<string>PBXFileReference</string>
			<key>lastKnownFileType</key>
			<string>sourcecode.cpp.cpp</string>
			<key>path</key>
			<string>ofxAvUtils.cpp</string>
			<key>sourceTree</key>
			<string>&lt;group&gt;</string>
		</dict>
		<key>1E0A968A7AAF25AA7B1474D3</key>
		<dict>
			<key>fileEncoding</key>
			<string>4</string>
			<key>isa</key>
			<string>PBXFileReference</string>
			<key>lastKnownFileType</key>
			<string>sourcecode.c.h</string>
			<key>path</key>
			<string>ofxFontStashStyle.h</string>
			<key>sourceTree</key>
			<string>&lt;group&gt;</string>
		</dict>
		<key>24D87983B8A48C4385029E52</key>
		<dict>
			<key>fileEncoding</key>
			<string>4</string>
			<key>isa</key>
			<string>PBXFileReference</string>
			<key>lastKnownFileType</key>
			<string>sourcecode.cpp.cpp</string>
			<key>path</key>
			<string>MuiTextArea.cpp</string>
			<key>sourceTree</key>
			<string>&lt;group&gt;</string>
		</dict>
		<key>26D59B6F54AD43E7B13D25C2</key>
		<dict>
			<key>fileEncoding</key>
			<string>4</string>
			<key>isa</key>
			<string>PBXFileReference</string>
			<key>lastKnownFileType</key>
			<string>sourcecode.cpp.cpp</string>
			<key>path</key>
			<string>ofxFontStash2.cpp</string>
			<key>sourceTree</key>
			<string>&lt;group&gt;</string>
		</dict>
		<key>2879AA1DB96654774FD38F80</key>
		<dict>
			<key>children</key>
			<array>
				<string>3B73C1A3F266BAFE57AA5FCF</string>
				<string>416FFDAD4F62DFD86041913E</string>
				<string>18DA2122C2783DB05DEBCE87</string>
				<string>2F0C07515189549AB21D6C38</string>
				<string>94BFEFD547F62B080775EC81</string>
				<string>5DDEC0BDA035194309B83CD4</string>
				<string>DDC8EC91E48884FFB46E26FB</string>
				<string>068EBEB78E5D92ADAE11095B</string>
				<string>98FCF23F427DE6A108C15AA6</string>
				<string>28FF0CB9970996CA72B6D8AF</string>
				<string>C4E6595B0C243ADE291984F7</string>
				<string>161625A0B9B60B3170D39B88</string>
				<string>8D8426D466CDE2C2A87A7DFE</string>
				<string>406698A95BD84DAFAA009924</string>
				<string>EDA4DA295FDA8C4CB1406348</string>
				<string>A2D54B529EAA008CE50726B8</string>
				<string>CC377B7E1C1A7594D8F40115</string>
				<string>BFC86602DFCA82C2E2D534F3</string>
				<string>6EE5442F865B09EE4CCDDD94</string>
				<string>28B8E32B7A472D163E9D2DC6</string>
				<string>85DCEEAD5DD142F981D3956D</string>
				<string>FD88671DF8B4B266FA2592E9</string>
				<string>4978426631D37FA3EB1FA547</string>
				<string>BA474BDD58A8A242D48E3F62</string>
				<string>0E096E79A1021312BAE600E8</string>
				<string>0F77523ADC0CAD404B667E1D</string>
				<string>24D87983B8A48C4385029E52</string>
				<string>CA27AF5B36F66F2A1AECA205</string>
				<string>B5E2643A08392C8D41DA1D26</string>
				<string>747C12409A0AAB8D4B8A11A2</string>
				<string>9439510945C804E7C475C20A</string>
				<string>EB80D30EC1B32976167B8FF0</string>
				<string>61A842419EFF74F93FDBDE5A</string>
				<string>4FC5B0B6811ACF1E0F875E1C</string>
				<string>DEB674ED2671AC7658B14059</string>
				<string>FA798853D6872E5FF721121E</string>
				<string>1A257ABDA31A9FEA901F6957</string>
				<string>95B64F47E6BB11684D850782</string>
				<string>110B722BF8FF24E188B393E0</string>
				<string>D93805C37AB468ED5C6D7AD9</string>
				<string>CA39C804B514C2081D4B78BC</string>
				<string>787C60702CF6603591BB1CF5</string>
				<string>88DC2EDABCBC86DA517F92B3</string>
				<string>9FB101D8E87C0173018F0586</string>
				<string>403378E55FDCA8AA24E8104A</string>
				<string>31153764B68C60DF6CD8F96D</string>
			</array>
			<key>isa</key>
			<string>PBXGroup</string>
			<key>path</key>
			<string>src</string>
			<key>sourceTree</key>
			<string>&lt;group&gt;</string>
		</dict>
		<key>28B8E32B7A472D163E9D2DC6</key>
		<dict>
			<key>fileEncoding</key>
			<string>4</string>
			<key>isa</key>
			<string>PBXFileReference</string>
			<key>lastKnownFileType</key>
			<string>sourcecode.c.h</string>
			<key>path</key>
			<string>Layout.h</string>
			<key>sourceTree</key>
			<string>&lt;group&gt;</string>
		</dict>
		<key>28FF0CB9970996CA72B6D8AF</key>
		<dict>
			<key>fileEncoding</key>
			<string>4</string>
			<key>isa</key>
			<string>PBXFileReference</string>
			<key>lastKnownFileType</key>
			<string>sourcecode.c.h</string>
			<key>path</key>
			<string>EmptyContainer.h</string>
			<key>sourceTree</key>
			<string>&lt;group&gt;</string>
		</dict>
		<key>2B1CA612779C815E85E81F8F</key>
		<dict>
			<key>children</key>
			<array>
				<string>A9E96655959BAB99B1725087</string>
			</array>
			<key>isa</key>
			<string>PBXGroup</string>
			<key>name</key>
			<string>ofxFontAwesome</string>
			<key>path</key>
			<string>addons/ofxFontAwesome</string>
			<key>sourceTree</key>
			<string>&lt;group&gt;</string>
		</dict>
		<key>2B6B5E350ABDFE43BC2EDE46</key>
		<dict>
			<key>children</key>
			<array>
				<string>C4EE025858972BDAAD83BF84</string>
			</array>
			<key>isa</key>
			<string>PBXGroup</string>
			<key>path</key>
			<string>pugixml</string>
			<key>sourceTree</key>
			<string>&lt;group&gt;</string>
		</dict>
		<key>2F0C07515189549AB21D6C38</key>
		<dict>
			<key>fileEncoding</key>
			<string>4</string>
			<key>isa</key>
			<string>PBXFileReference</string>
			<key>lastKnownFileType</key>
			<string>sourcecode.c.h</string>
			<key>path</key>
			<string>Button.h</string>
			<key>sourceTree</key>
			<string>&lt;group&gt;</string>
		</dict>
		<key>31153764B68C60DF6CD8F96D</key>
		<dict>
			<key>fileEncoding</key>
			<string>4</string>
			<key>isa</key>
			<string>PBXFileReference</string>
			<key>lastKnownFileType</key>
			<string>sourcecode.c.h</string>
			<key>path</key>
			<string>ToggleButton.h</string>
			<key>sourceTree</key>
			<string>&lt;group&gt;</string>
		</dict>
		<key>34BC7FEF3D7A02714426AB6E</key>
		<dict>
			<key>children</key>
			<array>
				<string>D2D0A2EB19E4B702FD84B7AC</string>
			</array>
			<key>isa</key>
			<string>PBXGroup</string>
			<key>name</key>
			<string>ofxAvCodec</string>
			<key>path</key>
			<string>addons/ofxAvCodec</string>
			<key>sourceTree</key>
			<string>&lt;group&gt;</string>
		</dict>
		<key>394A722787C901A078FE90F1</key>
		<dict>
			<key>children</key>
			<array>
				<string>4B5DE3EE5B91921EE4FDBA84</string>
			</array>
			<key>isa</key>
			<string>PBXGroup</string>
			<key>path</key>
			<string>src</string>
			<key>sourceTree</key>
			<string>&lt;group&gt;</string>
		</dict>
		<key>3B73C1A3F266BAFE57AA5FCF</key>
		<dict>
			<key>fileEncoding</key>
			<string>4</string>
			<key>isa</key>
			<string>PBXFileReference</string>
			<key>lastKnownFileType</key>
			<string>sourcecode.cpp.cpp</string>
			<key>path</key>
			<string>BarButton.cpp</string>
			<key>sourceTree</key>
			<string>&lt;group&gt;</string>
		</dict>
		<key>3CFDC0070C0D9DC4C85AF4DC</key>
		<dict>
			<key>fileRef</key>
			<string>18DA2122C2783DB05DEBCE87</string>
			<key>isa</key>
			<string>PBXBuildFile</string>
		</dict>
		<key>403378E55FDCA8AA24E8104A</key>
		<dict>
			<key>fileEncoding</key>
			<string>4</string>
			<key>isa</key>
			<string>PBXFileReference</string>
			<key>lastKnownFileType</key>
			<string>sourcecode.cpp.cpp</string>
			<key>path</key>
			<string>ToggleButton.cpp</string>
			<key>sourceTree</key>
			<string>&lt;group&gt;</string>
		</dict>
		<key>406698A95BD84DAFAA009924</key>
		<dict>
			<key>fileEncoding</key>
			<string>4</string>
			<key>isa</key>
			<string>PBXFileReference</string>
			<key>lastKnownFileType</key>
			<string>sourcecode.c.h</string>
			<key>path</key>
			<string>Image.h</string>
			<key>sourceTree</key>
			<string>&lt;group&gt;</string>
		</dict>
		<key>416FFDAD4F62DFD86041913E</key>
		<dict>
			<key>fileEncoding</key>
			<string>4</string>
			<key>isa</key>
			<string>PBXFileReference</string>
			<key>lastKnownFileType</key>
			<string>sourcecode.c.h</string>
			<key>path</key>
			<string>BarButton.h</string>
			<key>sourceTree</key>
			<string>&lt;group&gt;</string>
		</dict>
		<key>470A0D8A2290257001EEDC9B</key>
		<dict>
			<key>fileRef</key>
			<string>DEB674ED2671AC7658B14059</string>
			<key>isa</key>
			<string>PBXBuildFile</string>
		</dict>
		<key>493B67D56AB54D4ACA78745C</key>
		<dict>
			<key>fileEncoding</key>
			<string>4</string>
			<key>isa</key>
			<string>PBXFileReference</string>
			<key>lastKnownFileType</key>
			<string>sourcecode.c.h</string>
			<key>path</key>
			<string>ofxFontStashParser.h</string>
			<key>sourceTree</key>
			<string>&lt;group&gt;</string>
		</dict>
		<key>493DB6A99E6B5FCF052016DD</key>
		<dict>
			<key>fileRef</key>
			<string>4978426631D37FA3EB1FA547</string>
			<key>isa</key>
			<string>PBXBuildFile</string>
		</dict>
		<key>4978426631D37FA3EB1FA547</key>
		<dict>
			<key>fileEncoding</key>
			<string>4</string>
			<key>isa</key>
			<string>PBXFileReference</string>
			<key>lastKnownFileType</key>
			<string>sourcecode.cpp.cpp</string>
			<key>path</key>
			<string>MuiCore.cpp</string>
			<key>sourceTree</key>
			<string>&lt;group&gt;</string>
		</dict>
		<key>4B5DE3EE5B91921EE4FDBA84</key>
		<dict>
			<key>fileEncoding</key>
			<string>4</string>
			<key>isa</key>
			<string>PBXFileReference</string>
			<key>lastKnownFileType</key>
			<string>sourcecode.c.h</string>
			<key>path</key>
			<string>ofxFontAwesome.h</string>
			<key>sourceTree</key>
			<string>&lt;group&gt;</string>
		</dict>
		<key>4CE23CB3B062FA59A47BCD2D</key>
		<dict>
			<key>fileRef</key>
			<string>403378E55FDCA8AA24E8104A</string>
			<key>isa</key>
			<string>PBXBuildFile</string>
		</dict>
		<key>4FC5B0B6811ACF1E0F875E1C</key>
		<dict>
			<key>fileEncoding</key>
			<string>4</string>
			<key>isa</key>
			<string>PBXFileReference</string>
			<key>lastKnownFileType</key>
			<string>sourcecode.c.h</string>
			<key>path</key>
			<string>ScrollPane.h</string>
			<key>sourceTree</key>
			<string>&lt;group&gt;</string>
		</dict>
		<key>53544AEC636ABA172D1EE1EF</key>
		<dict>
			<key>children</key>
			<array>
				<string>816B7782D1F5015B75A364CD</string>
			</array>
			<key>isa</key>
			<string>PBXGroup</string>
			<key>path</key>
			<string>fontstash</string>
			<key>sourceTree</key>
			<string>&lt;group&gt;</string>
		</dict>
		<key>59B2636B9FAB86C0A883FC9C</key>
		<dict>
			<key>fileRef</key>
			<string>6EE5442F865B09EE4CCDDD94</string>
			<key>isa</key>
			<string>PBXBuildFile</string>
		</dict>
		<key>5DDEC0BDA035194309B83CD4</key>
		<dict>
			<key>fileEncoding</key>
			<string>4</string>
			<key>isa</key>
			<string>PBXFileReference</string>
			<key>lastKnownFileType</key>
			<string>sourcecode.c.h</string>
			<key>path</key>
			<string>Container.h</string>
			<key>sourceTree</key>
			<string>&lt;group&gt;</string>
		</dict>
		<key>61A842419EFF74F93FDBDE5A</key>
		<dict>
			<key>fileEncoding</key>
			<string>4</string>
			<key>isa</key>
			<string>PBXFileReference</string>
			<key>lastKnownFileType</key>
			<string>sourcecode.cpp.cpp</string>
			<key>path</key>
			<string>ScrollPane.cpp</string>
			<key>sourceTree</key>
			<string>&lt;group&gt;</string>
		</dict>
		<key>69DAF968A1DA7A23073B97F8</key>
		<dict>
			<key>fileRef</key>
			<string>1D9645D095F60AB365003B06</string>
			<key>isa</key>
			<string>PBXBuildFile</string>
		</dict>
		<key>6AB175562C7B8DA5977B6A8E</key>
		<dict>
			<key>fileRef</key>
			<string>CBA5266B518AA438E7D47F81</string>
			<key>isa</key>
			<string>PBXBuildFile</string>
		</dict>
		<key>6EE5442F865B09EE4CCDDD94</key>
		<dict>
			<key>fileEncoding</key>
			<string>4</string>
			<key>isa</key>
			<string>PBXFileReference</string>
			<key>lastKnownFileType</key>
			<string>sourcecode.cpp.cpp</string>
			<key>path</key>
			<string>Layout.cpp</string>
			<key>sourceTree</key>
			<string>&lt;group&gt;</string>
		</dict>
		<key>747C12409A0AAB8D4B8A11A2</key>
		<dict>
			<key>fileEncoding</key>
			<string>4</string>
			<key>isa</key>
			<string>PBXFileReference</string>
			<key>lastKnownFileType</key>
			<string>sourcecode.c.h</string>
			<key>path</key>
			<string>ofxMightyUI.h</string>
			<key>sourceTree</key>
			<string>&lt;group&gt;</string>
		</dict>
		<key>787C60702CF6603591BB1CF5</key>
		<dict>
			<key>fileEncoding</key>
			<string>4</string>
			<key>isa</key>
			<string>PBXFileReference</string>
			<key>lastKnownFileType</key>
			<string>sourcecode.c.h</string>
			<key>path</key>
			<string>TextField.h</string>
			<key>sourceTree</key>
			<string>&lt;group&gt;</string>
		</dict>
		<key>79139E8FF25B4453D2D2B2FE</key>
		<dict>
			<key>fileRef</key>
			<string>9F97302154C1D4CA51A6EF1F</string>
			<key>isa</key>
			<string>PBXBuildFile</string>
		</dict>
		<key>79231EEC98689F0515694AAA</key>
		<dict>
			<key>fileRef</key>
			<string>3B73C1A3F266BAFE57AA5FCF</string>
			<key>isa</key>
			<string>PBXBuildFile</string>
		</dict>
		<key>7AE11AE0E86890A1EEC5DAC4</key>
		<dict>
			<key>children</key>
			<array>
				<string>0A7F820ED2DDF888076C5862</string>
				<string>A743DE8B7465753DB9B7C175</string>
				<string>D8F6AF6805C3BED2EBA192F9</string>
				<string>A892B4AE3BEF21789604FEB2</string>
			</array>
			<key>isa</key>
			<string>PBXGroup</string>
			<key>path</key>
			<string>src</string>
			<key>sourceTree</key>
			<string>&lt;group&gt;</string>
		</dict>
		<key>7B30A4B1E18298FFE3EE8C09</key>
		<dict>
			<key>children</key>
			<array>
				<string>2879AA1DB96654774FD38F80</string>
			</array>
			<key>isa</key>
			<string>PBXGroup</string>
			<key>name</key>
			<string>ofxMightyUI</string>
			<key>path</key>
			<string>addons/ofxMightyUI</string>
			<key>sourceTree</key>
			<string>&lt;group&gt;</string>
		</dict>
		<key>816B7782D1F5015B75A364CD</key>
		<dict>
			<key>children</key>
			<array>
				<string>0A7F820ED2DDF888076C5862</string>
				<string>A743DE8B7465753DB9B7C175</string>
				<string>D8F6AF6805C3BED2EBA192F9</string>
				<string>A892B4AE3BEF21789604FEB2</string>
			</array>
			<key>isa</key>
			<string>PBXGroup</string>
			<key>path</key>
			<string>src</string>
			<key>sourceTree</key>
			<string>&lt;group&gt;</string>
		</dict>
		<key>85CB0724A04F41F450A80AFC</key>
		<dict>
			<key>fileEncoding</key>
			<string>4</string>
			<key>isa</key>
			<string>PBXFileReference</string>
			<key>lastKnownFileType</key>
			<string>sourcecode.c.h</string>
			<key>path</key>
			<string>ofxFontStash2.h</string>
			<key>sourceTree</key>
			<string>&lt;group&gt;</string>
		</dict>
		<key>85DCEEAD5DD142F981D3956D</key>
		<dict>
			<key>fileEncoding</key>
			<string>4</string>
			<key>isa</key>
			<string>PBXFileReference</string>
			<key>lastKnownFileType</key>
			<string>sourcecode.cpp.cpp</string>
			<key>path</key>
			<string>MuiConfig.cpp</string>
			<key>sourceTree</key>
			<string>&lt;group&gt;</string>
		</dict>
		<key>88CBCDBF84D49C2C7278D8B0</key>
		<dict>
			<key>children</key>
			<array>
				<string>F88688668569BCC82A493CF3</string>
				<string>2B6B5E350ABDFE43BC2EDE46</string>
			</array>
			<key>isa</key>
			<string>PBXGroup</string>
			<key>path</key>
			<string>libs</string>
			<key>sourceTree</key>
			<string>&lt;group&gt;</string>
		</dict>
		<key>88DC2EDABCBC86DA517F92B3</key>
		<dict>
			<key>fileEncoding</key>
			<string>4</string>
			<key>isa</key>
			<string>PBXFileReference</string>
			<key>lastKnownFileType</key>
			<string>sourcecode.cpp.cpp</string>
			<key>path</key>
			<string>TextureAtlas.cpp</string>
			<key>sourceTree</key>
			<string>&lt;group&gt;</string>
		</dict>
		<key>8D8426D466CDE2C2A87A7DFE</key>
		<dict>
			<key>fileEncoding</key>
			<string>4</string>
			<key>isa</key>
			<string>PBXFileReference</string>
			<key>lastKnownFileType</key>
			<string>sourcecode.cpp.cpp</string>
			<key>path</key>
			<string>Image.cpp</string>
			<key>sourceTree</key>
			<string>&lt;group&gt;</string>
		</dict>
		<key>8D9B658B353CDDF212F522BD</key>
		<dict>
			<key>fileRef</key>
			<string>61A842419EFF74F93FDBDE5A</string>
			<key>isa</key>
			<string>PBXBuildFile</string>
		</dict>
		<key>902CE6911AD8C03D2831D34E</key>
		<dict>
			<key>fileRef</key>
			<string>85DCEEAD5DD142F981D3956D</string>
			<key>isa</key>
			<string>PBXBuildFile</string>
		</dict>
		<key>9397802B10847A2C74111D6E</key>
		<dict>
			<key>fileRef</key>
			<string>CA39C804B514C2081D4B78BC</string>
			<key>isa</key>
			<string>PBXBuildFile</string>
		</dict>
		<key>9439510945C804E7C475C20A</key>
		<dict>
			<key>fileEncoding</key>
			<string>4</string>
			<key>isa</key>
			<string>PBXFileReference</string>
			<key>lastKnownFileType</key>
			<string>sourcecode.cpp.cpp</string>
			<key>path</key>
			<string>Root.cpp</string>
			<key>sourceTree</key>
			<string>&lt;group&gt;</string>
		</dict>
		<key>94BFEFD547F62B080775EC81</key>
		<dict>
			<key>fileEncoding</key>
			<string>4</string>
			<key>isa</key>
			<string>PBXFileReference</string>
			<key>lastKnownFileType</key>
			<string>sourcecode.cpp.cpp</string>
			<key>path</key>
			<string>Container.cpp</string>
			<key>sourceTree</key>
			<string>&lt;group&gt;</string>
		</dict>
		<key>95B64F47E6BB11684D850782</key>
		<dict>
			<key>fileEncoding</key>
			<string>4</string>
			<key>isa</key>
			<string>PBXFileReference</string>
			<key>lastKnownFileType</key>
			<string>sourcecode.c.h</string>
			<key>path</key>
			<string>Slider.h</string>
			<key>sourceTree</key>
			<string>&lt;group&gt;</string>
		</dict>
		<key>98FCF23F427DE6A108C15AA6</key>
		<dict>
			<key>fileEncoding</key>
			<string>4</string>
			<key>isa</key>
			<string>PBXFileReference</string>
			<key>lastKnownFileType</key>
			<string>sourcecode.cpp.cpp</string>
			<key>path</key>
			<string>EmptyContainer.cpp</string>
			<key>sourceTree</key>
			<string>&lt;group&gt;</string>
		</dict>
		<key>9A8EF6C4532FDDF483C69AC2</key>
		<dict>
			<key>fileEncoding</key>
			<string>4</string>
			<key>isa</key>
			<string>PBXFileReference</string>
			<key>lastKnownFileType</key>
			<string>sourcecode.c.h</string>
			<key>path</key>
			<string>pugiconfig.hpp</string>
			<key>sourceTree</key>
			<string>&lt;group&gt;</string>
		</dict>
		<key>9C5EB5FFD6398B191CA9F63D</key>
		<dict>
			<key>fileEncoding</key>
			<string>4</string>
			<key>isa</key>
			<string>PBXFileReference</string>
			<key>lastKnownFileType</key>
			<string>sourcecode.c.h</string>
			<key>path</key>
			<string>ofxAvAudioPlayer.h</string>
			<key>sourceTree</key>
			<string>&lt;group&gt;</string>
		</dict>
		<key>9EEF4D9FCFF2A6B5A88E295F</key>
		<dict>
			<key>children</key>
			<array>
				<string>26D59B6F54AD43E7B13D25C2</string>
				<string>85CB0724A04F41F450A80AFC</string>
				<string>9F97302154C1D4CA51A6EF1F</string>
				<string>493B67D56AB54D4ACA78745C</string>
				<string>1E0A968A7AAF25AA7B1474D3</string>
			</array>
			<key>isa</key>
			<string>PBXGroup</string>
			<key>path</key>
			<string>src</string>
			<key>sourceTree</key>
			<string>&lt;group&gt;</string>
		</dict>
		<key>9F6783C22BE58E43DB564213</key>
		<dict>
			<key>fileRef</key>
			<string>1CA38CE0608E3BBB595BCDFE</string>
			<key>isa</key>
			<string>PBXBuildFile</string>
		</dict>
		<key>9F97302154C1D4CA51A6EF1F</key>
		<dict>
			<key>fileEncoding</key>
			<string>4</string>
			<key>isa</key>
			<string>PBXFileReference</string>
			<key>lastKnownFileType</key>
			<string>sourcecode.cpp.cpp</string>
			<key>path</key>
			<string>ofxFontStashParser.cpp</string>
			<key>sourceTree</key>
			<string>&lt;group&gt;</string>
		</dict>
		<key>9FB101D8E87C0173018F0586</key>
		<dict>
			<key>fileEncoding</key>
			<string>4</string>
			<key>isa</key>
			<string>PBXFileReference</string>
			<key>lastKnownFileType</key>
			<string>sourcecode.c.h</string>
			<key>path</key>
			<string>TextureAtlas.h</string>
			<key>sourceTree</key>
			<string>&lt;group&gt;</string>
		</dict>
		<key>A2D54B529EAA008CE50726B8</key>
		<dict>
			<key>fileEncoding</key>
			<string>4</string>
			<key>isa</key>
			<string>PBXFileReference</string>
			<key>lastKnownFileType</key>
			<string>sourcecode.c.h</string>
			<key>path</key>
			<string>InternalWindow.h</string>
			<key>sourceTree</key>
			<string>&lt;group&gt;</string>
		</dict>
		<key>A5FFDE0A56A147BD0EA4E314</key>
		<dict>
			<key>fileRef</key>
			<string>DE20CC7E93C234CAC12A58AF</string>
			<key>isa</key>
			<string>PBXBuildFile</string>
		</dict>
		<key>A743DE8B7465753DB9B7C175</key>
		<dict>
			<key>fileEncoding</key>
			<string>4</string>
			<key>isa</key>
			<string>PBXFileReference</string>
			<key>lastKnownFileType</key>
			<string>sourcecode.c.h</string>
			<key>path</key>
			<string>gl3fontstash.h</string>
			<key>sourceTree</key>
			<string>&lt;group&gt;</string>
		</dict>
		<key>A892B4AE3BEF21789604FEB2</key>
		<dict>
			<key>fileEncoding</key>
			<string>4</string>
			<key>isa</key>
			<string>PBXFileReference</string>
			<key>lastKnownFileType</key>
			<string>sourcecode.c.h</string>
			<key>path</key>
			<string>stb_truetype.h</string>
			<key>sourceTree</key>
			<string>&lt;group&gt;</string>
		</dict>
		<key>A9E96655959BAB99B1725087</key>
		<dict>
			<key>children</key>
			<array>
				<string>4B5DE3EE5B91921EE4FDBA84</string>
			</array>
			<key>isa</key>
			<string>PBXGroup</string>
			<key>path</key>
			<string>src</string>
			<key>sourceTree</key>
			<string>&lt;group&gt;</string>
		</dict>
		<key>AB8D3C50F77BA495EBC9E737</key>
		<dict>
			<key>children</key>
			<array>
				<string>9EEF4D9FCFF2A6B5A88E295F</string>
				<string>88CBCDBF84D49C2C7278D8B0</string>
			</array>
			<key>isa</key>
			<string>PBXGroup</string>
			<key>name</key>
			<string>ofxFontStash2</string>
			<key>path</key>
			<string>addons/ofxFontStash2</string>
			<key>sourceTree</key>
			<string>&lt;group&gt;</string>
		</dict>
		<key>AFAD63D11F806A4597D935C0</key>
		<dict>
			<key>fileEncoding</key>
			<string>4</string>
			<key>isa</key>
			<string>PBXFileReference</string>
			<key>lastKnownFileType</key>
			<string>sourcecode.cpp.cpp</string>
			<key>path</key>
			<string>pugixml.cpp</string>
			<key>sourceTree</key>
			<string>&lt;group&gt;</string>
		</dict>
		<key>B010667371FA0B1D276AD141</key>
		<dict>
			<key>fileEncoding</key>
			<string>4</string>
			<key>isa</key>
			<string>PBXFileReference</string>
			<key>lastKnownFileType</key>
			<string>sourcecode.c.h</string>
			<key>path</key>
			<string>pugixml.hpp</string>
			<key>sourceTree</key>
			<string>&lt;group&gt;</string>
		</dict>
		<key>B5E2643A08392C8D41DA1D26</key>
		<dict>
			<key>fileEncoding</key>
			<string>4</string>
			<key>isa</key>
			<string>PBXFileReference</string>
			<key>lastKnownFileType</key>
			<string>sourcecode.cpp.cpp</string>
			<key>path</key>
			<string>ofxMightyUI.cpp</string>
			<key>sourceTree</key>
			<string>&lt;group&gt;</string>
		</dict>
		<key>B728886FDA83C1DE0C2F5280</key>
		<dict>
			<key>fileRef</key>
			<string>94BFEFD547F62B080775EC81</string>
			<key>isa</key>
			<string>PBXBuildFile</string>
		</dict>
		<key>B80AFFAB68D21E40A01A2A96</key>
		<dict>
			<key>children</key>
			<array>
				<string>26D59B6F54AD43E7B13D25C2</string>
				<string>85CB0724A04F41F450A80AFC</string>
				<string>9F97302154C1D4CA51A6EF1F</string>
				<string>493B67D56AB54D4ACA78745C</string>
				<string>1E0A968A7AAF25AA7B1474D3</string>
			</array>
			<key>isa</key>
			<string>PBXGroup</string>
			<key>path</key>
			<string>src</string>
			<key>sourceTree</key>
			<string>&lt;group&gt;</string>
		</dict>
		<key>B92EFA79541DC1EA518DC974</key>
		<dict>
			<key>fileRef</key>
			<string>EDA4DA295FDA8C4CB1406348</string>
			<key>isa</key>
			<string>PBXBuildFile</string>
		</dict>
		<key>BA21C8961B87D58600FBAB8C</key>
		<dict>
			<key>isa</key>
			<string>PBXFileReference</string>
			<key>lastKnownFileType</key>
			<string>sourcecode.c.h</string>
			<key>path</key>
			<string>ShaderLoader.h</string>
			<key>sourceTree</key>
			<string>&lt;group&gt;</string>
		</dict>
		<key>BA25EF0E1C8B6E0400C3B60A</key>
		<dict>
			<key>fileRef</key>
			<string>BABA49661A866519000900B1</string>
			<key>isa</key>
			<string>PBXBuildFile</string>
		</dict>
		<key>BA2B89131B531A1800E1D9DA</key>
		<dict>
			<key>buildActionMask</key>
			<string>2147483647</string>
			<key>dstPath</key>
			<string></string>
			<key>dstSubfolderSpec</key>
			<string>6</string>
			<key>files</key>
			<array/>
			<key>isa</key>
			<string>PBXCopyFilesBuildPhase</string>
			<key>runOnlyForDeploymentPostprocessing</key>
			<string>0</string>
		</dict>
		<key>BA386CD51B388233004100D4</key>
		<dict>
			<key>isa</key>
			<string>PBXFileReference</string>
			<key>lastKnownFileType</key>
			<string>sourcecode.c.h</string>
			<key>path</key>
			<string>split.h</string>
			<key>sourceTree</key>
			<string>&lt;group&gt;</string>
		</dict>
		<key>BA474BDD58A8A242D48E3F62</key>
		<dict>
			<key>fileEncoding</key>
			<string>4</string>
			<key>isa</key>
			<string>PBXFileReference</string>
			<key>lastKnownFileType</key>
			<string>sourcecode.c.h</string>
			<key>path</key>
			<string>MuiCore.h</string>
			<key>sourceTree</key>
			<string>&lt;group&gt;</string>
		</dict>
		<key>BA54981C19F725C1007E9F6A</key>
		<dict>
			<key>isa</key>
			<string>PBXFileReference</string>
			<key>lastKnownFileType</key>
			<string>wrapper.framework</string>
			<key>name</key>
			<string>OpenGL.framework</string>
			<key>path</key>
			<string>System/Library/Frameworks/OpenGL.framework</string>
			<key>sourceTree</key>
			<string>SDKROOT</string>
		</dict>
		<key>BA54981E19F7272C007E9F6A</key>
		<dict>
			<key>children</key>
			<array>
				<string>BA9F97431B651E6A00A453D6</string>
				<string>BA9F973E1B65129B00A453D6</string>
				<string>BA54981F19F7274C007E9F6A</string>
				<string>BA54982019F7274C007E9F6A</string>
				<string>BA54982519F740CE007E9F6A</string>
				<string>BA54982619F740CE007E9F6A</string>
				<string>BA9F97451B6583D300A453D6</string>
				<string>BADACB611C12F89100ED221C</string>
				<string>BADACB621C12F89100ED221C</string>
			</array>
			<key>isa</key>
			<string>PBXGroup</string>
			<key>name</key>
			<string>ui</string>
			<key>sourceTree</key>
			<string>&lt;group&gt;</string>
		</dict>
		<key>BA54981F19F7274C007E9F6A</key>
		<dict>
			<key>fileEncoding</key>
			<string>4</string>
			<key>isa</key>
			<string>PBXFileReference</string>
			<key>lastKnownFileType</key>
			<string>sourcecode.cpp.cpp</string>
			<key>name</key>
			<string>ConfigView.cpp</string>
			<key>path</key>
			<string>ui/ConfigView.cpp</string>
			<key>sourceTree</key>
			<string>&lt;group&gt;</string>
		</dict>
		<key>BA54982019F7274C007E9F6A</key>
		<dict>
			<key>fileEncoding</key>
			<string>4</string>
			<key>isa</key>
			<string>PBXFileReference</string>
			<key>lastKnownFileType</key>
			<string>sourcecode.c.h</string>
			<key>name</key>
			<string>ConfigView.h</string>
			<key>path</key>
			<string>ui/ConfigView.h</string>
			<key>sourceTree</key>
			<string>&lt;group&gt;</string>
		</dict>
		<key>BA54982119F7274C007E9F6A</key>
		<dict>
			<key>fileRef</key>
			<string>BA54981F19F7274C007E9F6A</string>
			<key>isa</key>
			<string>PBXBuildFile</string>
		</dict>
		<key>BA54982519F740CE007E9F6A</key>
		<dict>
			<key>fileEncoding</key>
			<string>4</string>
			<key>isa</key>
			<string>PBXFileReference</string>
			<key>lastKnownFileType</key>
			<string>sourcecode.cpp.cpp</string>
			<key>name</key>
			<string>OsciView.cpp</string>
			<key>path</key>
			<string>ui/OsciView.cpp</string>
			<key>sourceTree</key>
			<string>&lt;group&gt;</string>
		</dict>
		<key>BA54982619F740CE007E9F6A</key>
		<dict>
			<key>fileEncoding</key>
			<string>4</string>
			<key>isa</key>
			<string>PBXFileReference</string>
			<key>lastKnownFileType</key>
			<string>sourcecode.c.h</string>
			<key>name</key>
			<string>OsciView.h</string>
			<key>path</key>
			<string>ui/OsciView.h</string>
			<key>sourceTree</key>
			<string>&lt;group&gt;</string>
		</dict>
		<key>BA54982719F740CE007E9F6A</key>
		<dict>
			<key>fileRef</key>
			<string>BA54982519F740CE007E9F6A</string>
			<key>isa</key>
			<string>PBXBuildFile</string>
		</dict>
		<key>BA583CA71A8667B400F4BCB6</key>
		<dict>
			<key>buildActionMask</key>
			<string>2147483647</string>
			<key>files</key>
			<array>
				<string>BA25EF0E1C8B6E0400C3B60A</string>
			</array>
			<key>isa</key>
			<string>PBXResourcesBuildPhase</string>
			<key>runOnlyForDeploymentPostprocessing</key>
			<string>0</string>
		</dict>
		<key>BA5D0A231B9C902300D10946</key>
		<dict>
			<key>children</key>
			<array>
				<string>BA5D0A251B9C902300D10946</string>
				<string>BA5D0A261B9C902300D10946</string>
				<string>BA5D0A271B9C902300D10946</string>
			</array>
			<key>isa</key>
			<string>PBXGroup</string>
			<key>name</key>
			<string>shaders</string>
			<key>path</key>
			<string>bin/data/shaders</string>
			<key>sourceTree</key>
			<string>&lt;group&gt;</string>
		</dict>
		<key>BA5D0A251B9C902300D10946</key>
		<dict>
			<key>isa</key>
			<string>PBXFileReference</string>
			<key>lastKnownFileType</key>
			<string>sourcecode.glsl</string>
			<key>path</key>
			<string>osci.frag</string>
			<key>sourceTree</key>
			<string>&lt;group&gt;</string>
		</dict>
		<key>BA5D0A261B9C902300D10946</key>
		<dict>
			<key>isa</key>
			<string>PBXFileReference</string>
			<key>lastKnownFileType</key>
			<string>sourcecode.glsl</string>
			<key>path</key>
			<string>osci.geom</string>
			<key>sourceTree</key>
			<string>&lt;group&gt;</string>
		</dict>
		<key>BA5D0A271B9C902300D10946</key>
		<dict>
			<key>isa</key>
			<string>PBXFileReference</string>
			<key>lastKnownFileType</key>
			<string>sourcecode.glsl</string>
			<key>path</key>
			<string>osci.vert</string>
			<key>sourceTree</key>
			<string>&lt;group&gt;</string>
		</dict>
		<key>BA5EE4CA1D560E4800499D80</key>
		<dict>
			<key>children</key>
			<array>
				<string>BA5EE4CB1D560E4800499D80</string>
				<string>BA5EE4CC1D560E4800499D80</string>
				<string>BA5EE4CD1D560E4800499D80</string>
				<string>BA5EE4CE1D560E4800499D80</string>
			</array>
			<key>isa</key>
			<string>PBXGroup</string>
			<key>path</key>
			<string>ofxIniSettings</string>
			<key>sourceTree</key>
			<string>&lt;group&gt;</string>
		</dict>
		<key>BA5EE4CB1D560E4800499D80</key>
		<dict>
			<key>fileEncoding</key>
			<string>4</string>
			<key>isa</key>
			<string>PBXFileReference</string>
			<key>lastKnownFileType</key>
			<string>sourcecode.cpp.cpp</string>
			<key>path</key>
			<string>ofxIniExtras.cpp</string>
			<key>sourceTree</key>
			<string>&lt;group&gt;</string>
		</dict>
		<key>BA5EE4CC1D560E4800499D80</key>
		<dict>
			<key>fileEncoding</key>
			<string>4</string>
			<key>isa</key>
			<string>PBXFileReference</string>
			<key>lastKnownFileType</key>
			<string>sourcecode.c.h</string>
			<key>path</key>
			<string>ofxIniExtras.h</string>
			<key>sourceTree</key>
			<string>&lt;group&gt;</string>
		</dict>
		<key>BA5EE4CD1D560E4800499D80</key>
		<dict>
			<key>fileEncoding</key>
			<string>4</string>
			<key>isa</key>
			<string>PBXFileReference</string>
			<key>lastKnownFileType</key>
			<string>sourcecode.cpp.cpp</string>
			<key>path</key>
			<string>ofxIniSettings.cpp</string>
			<key>sourceTree</key>
			<string>&lt;group&gt;</string>
		</dict>
		<key>BA5EE4CE1D560E4800499D80</key>
		<dict>
			<key>fileEncoding</key>
			<string>4</string>
			<key>isa</key>
			<string>PBXFileReference</string>
			<key>lastKnownFileType</key>
			<string>sourcecode.c.h</string>
			<key>path</key>
			<string>ofxIniSettings.h</string>
			<key>sourceTree</key>
			<string>&lt;group&gt;</string>
		</dict>
		<key>BA5EE4CF1D560E4800499D80</key>
		<dict>
			<key>fileRef</key>
			<string>BA5EE4CB1D560E4800499D80</string>
			<key>isa</key>
			<string>PBXBuildFile</string>
		</dict>
		<key>BA5EE4D01D560E4800499D80</key>
		<dict>
			<key>fileRef</key>
			<string>BA5EE4CD1D560E4800499D80</string>
			<key>isa</key>
			<string>PBXBuildFile</string>
		</dict>
		<key>BA828D271B378A6E002DE63F</key>
		<dict>
			<key>children</key>
			<array>
				<string>BAFE8DBB1BDE66B4004BA599</string>
				<string>BAFE8DBC1BDE66B4004BA599</string>
				<string>BA828D2B1B378E6D002DE63F</string>
				<string>BA828D2C1B378E6D002DE63F</string>
				<string>BA828D281B378A7D002DE63F</string>
				<string>BA828D291B378A7D002DE63F</string>
				<string>BA386CD51B388233004100D4</string>
				<string>BA21C8961B87D58600FBAB8C</string>
			</array>
			<key>isa</key>
			<string>PBXGroup</string>
			<key>path</key>
			<string>util</string>
			<key>sourceTree</key>
			<string>&lt;group&gt;</string>
		</dict>
		<key>BA828D281B378A7D002DE63F</key>
		<dict>
			<key>fileEncoding</key>
			<string>4</string>
			<key>isa</key>
			<string>PBXFileReference</string>
			<key>lastKnownFileType</key>
			<string>sourcecode.cpp.cpp</string>
			<key>path</key>
			<string>Audio.cpp</string>
			<key>sourceTree</key>
			<string>&lt;group&gt;</string>
		</dict>
		<key>BA828D291B378A7D002DE63F</key>
		<dict>
			<key>fileEncoding</key>
			<string>4</string>
			<key>isa</key>
			<string>PBXFileReference</string>
			<key>lastKnownFileType</key>
			<string>sourcecode.c.h</string>
			<key>path</key>
			<string>Audio.h</string>
			<key>sourceTree</key>
			<string>&lt;group&gt;</string>
		</dict>
		<key>BA828D2A1B378A7D002DE63F</key>
		<dict>
			<key>fileRef</key>
			<string>BA828D281B378A7D002DE63F</string>
			<key>isa</key>
			<string>PBXBuildFile</string>
		</dict>
		<key>BA828D2B1B378E6D002DE63F</key>
		<dict>
			<key>fileEncoding</key>
			<string>4</string>
			<key>isa</key>
			<string>PBXFileReference</string>
			<key>lastKnownFileType</key>
			<string>sourcecode.cpp.cpp</string>
			<key>path</key>
			<string>sounddevices.cpp</string>
			<key>sourceTree</key>
			<string>&lt;group&gt;</string>
		</dict>
		<key>BA828D2C1B378E6D002DE63F</key>
		<dict>
			<key>fileEncoding</key>
			<string>4</string>
			<key>isa</key>
			<string>PBXFileReference</string>
			<key>lastKnownFileType</key>
			<string>sourcecode.c.h</string>
			<key>path</key>
			<string>sounddevices.h</string>
			<key>sourceTree</key>
			<string>&lt;group&gt;</string>
		</dict>
		<key>BA828D2D1B378E6D002DE63F</key>
		<dict>
			<key>fileRef</key>
			<string>BA828D2B1B378E6D002DE63F</string>
			<key>isa</key>
			<string>PBXBuildFile</string>
		</dict>
		<key>BA9F973E1B65129B00A453D6</key>
		<dict>
			<key>fileEncoding</key>
			<string>4</string>
			<key>isa</key>
			<string>PBXFileReference</string>
			<key>lastKnownFileType</key>
			<string>sourcecode.c.h</string>
			<key>name</key>
			<string>FaToggleButton.h</string>
			<key>path</key>
			<string>ui/FaToggleButton.h</string>
			<key>sourceTree</key>
			<string>&lt;group&gt;</string>
		</dict>
		<key>BA9F973F1B6512FA00A453D6</key>
		<dict>
			<key>fileEncoding</key>
			<string>4</string>
			<key>isa</key>
			<string>PBXFileReference</string>
			<key>lastKnownFileType</key>
			<string>sourcecode.cpp.cpp</string>
			<key>path</key>
			<string>globals.cpp</string>
			<key>sourceTree</key>
			<string>&lt;group&gt;</string>
		</dict>
		<key>BA9F97401B6512FA00A453D6</key>
		<dict>
			<key>fileEncoding</key>
			<string>4</string>
			<key>isa</key>
			<string>PBXFileReference</string>
			<key>lastKnownFileType</key>
			<string>sourcecode.c.h</string>
			<key>path</key>
			<string>globals.h</string>
			<key>sourceTree</key>
			<string>&lt;group&gt;</string>
		</dict>
		<key>BA9F97411B6512FA00A453D6</key>
		<dict>
			<key>fileRef</key>
			<string>BA9F973F1B6512FA00A453D6</string>
			<key>isa</key>
			<string>PBXBuildFile</string>
		</dict>
		<key>BA9F97431B651E6A00A453D6</key>
		<dict>
			<key>fileEncoding</key>
			<string>4</string>
			<key>isa</key>
			<string>PBXFileReference</string>
			<key>lastKnownFileType</key>
			<string>sourcecode.c.h</string>
			<key>name</key>
			<string>FaButton.h</string>
			<key>path</key>
			<string>ui/FaButton.h</string>
			<key>sourceTree</key>
			<string>&lt;group&gt;</string>
		</dict>
		<key>BA9F97451B6583D300A453D6</key>
		<dict>
			<key>fileEncoding</key>
			<string>4</string>
			<key>isa</key>
			<string>PBXFileReference</string>
			<key>lastKnownFileType</key>
			<string>sourcecode.c.h</string>
			<key>name</key>
			<string>L.h</string>
			<key>path</key>
			<string>ui/L.h</string>
			<key>sourceTree</key>
			<string>&lt;group&gt;</string>
		</dict>
		<key>BABA49661A866519000900B1</key>
		<dict>
			<key>isa</key>
			<string>PBXFileReference</string>
			<key>lastKnownFileType</key>
			<string>folder.assetcatalog</string>
			<key>name</key>
			<string>Images.xcassets</string>
			<key>path</key>
			<string>assets/Images.xcassets</string>
			<key>sourceTree</key>
			<string>&lt;group&gt;</string>
		</dict>
		<key>BADACB611C12F89100ED221C</key>
		<dict>
			<key>fileEncoding</key>
			<string>4</string>
			<key>isa</key>
			<string>PBXFileReference</string>
			<key>lastKnownFileType</key>
			<string>sourcecode.cpp.cpp</string>
			<key>name</key>
			<string>FMenu.cpp</string>
			<key>path</key>
			<string>ui/FMenu.cpp</string>
			<key>sourceTree</key>
			<string>&lt;group&gt;</string>
		</dict>
		<key>BADACB621C12F89100ED221C</key>
		<dict>
			<key>fileEncoding</key>
			<string>4</string>
			<key>isa</key>
			<string>PBXFileReference</string>
			<key>lastKnownFileType</key>
			<string>sourcecode.c.h</string>
			<key>name</key>
			<string>FMenu.h</string>
			<key>path</key>
			<string>ui/FMenu.h</string>
			<key>sourceTree</key>
			<string>&lt;group&gt;</string>
		</dict>
		<key>BADACB631C12F89100ED221C</key>
		<dict>
			<key>fileRef</key>
			<string>BADACB611C12F89100ED221C</string>
			<key>isa</key>
			<string>PBXBuildFile</string>
		</dict>
		<key>BAEE5D261B5FB3D10038C838</key>
		<dict>
			<key>fileEncoding</key>
			<string>4</string>
			<key>isa</key>
			<string>PBXFileReference</string>
			<key>lastKnownFileType</key>
			<string>sourcecode.cpp.cpp</string>
			<key>path</key>
			<string>ofApp.cpp</string>
			<key>sourceTree</key>
			<string>&lt;group&gt;</string>
		</dict>
		<key>BAEE5D271B5FB3D10038C838</key>
		<dict>
			<key>fileEncoding</key>
			<string>4</string>
			<key>isa</key>
			<string>PBXFileReference</string>
			<key>lastKnownFileType</key>
			<string>sourcecode.c.h</string>
			<key>path</key>
			<string>ofApp.h</string>
			<key>sourceTree</key>
			<string>&lt;group&gt;</string>
		</dict>
		<key>BAEE5D281B5FB3D10038C838</key>
		<dict>
			<key>fileRef</key>
			<string>BAEE5D261B5FB3D10038C838</string>
			<key>isa</key>
			<string>PBXBuildFile</string>
		</dict>
		<key>BAFE8DBB1BDE66B4004BA599</key>
		<dict>
			<key>fileEncoding</key>
			<string>4</string>
			<key>isa</key>
			<string>PBXFileReference</string>
			<key>lastKnownFileType</key>
			<string>sourcecode.cpp.cpp</string>
			<key>path</key>
			<string>OsciAvAudioPlayer.cpp</string>
			<key>sourceTree</key>
			<string>&lt;group&gt;</string>
		</dict>
		<key>BAFE8DBC1BDE66B4004BA599</key>
		<dict>
			<key>fileEncoding</key>
			<string>4</string>
			<key>isa</key>
			<string>PBXFileReference</string>
			<key>lastKnownFileType</key>
			<string>sourcecode.c.h</string>
			<key>path</key>
			<string>OsciAvAudioPlayer.h</string>
			<key>sourceTree</key>
			<string>&lt;group&gt;</string>
		</dict>
		<key>BAFE8DBD1BDE66B4004BA599</key>
		<dict>
			<key>fileRef</key>
			<string>BAFE8DBB1BDE66B4004BA599</string>
			<key>isa</key>
			<string>PBXBuildFile</string>
		</dict>
		<key>BB4B014C10F69532006C3DED</key>
		<dict>
			<key>children</key>
			<array>
				<string>FF67370392D60EB68842FFD2</string>
				<string>7A7B2AED0F3A3891285C8779</string>
				<string>E1235B8571F836C97F6AC120</string>
			</array>
			<key>isa</key>
			<string>PBXGroup</string>
			<key>name</key>
			<string>addons</string>
			<key>sourceTree</key>
			<string>&lt;group&gt;</string>
		</dict>
		<key>BBAB23BE13894E4700AA2426</key>
		<dict>
			<key>isa</key>
			<string>PBXFileReference</string>
			<key>lastKnownFileType</key>
			<string>wrapper.framework</string>
			<key>name</key>
			<string>GLUT.framework</string>
			<key>path</key>
			<string>../../../libs/glut/lib/osx/GLUT.framework</string>
			<key>sourceTree</key>
			<string>&lt;group&gt;</string>
		</dict>
		<key>BBAB23C913894ECA00AA2426</key>
		<dict>
			<key>children</key>
			<array>
				<string>E7F985F515E0DE99003869B5</string>
				<string>E4C2424410CC5A17004149E2</string>
				<string>E4C2424510CC5A17004149E2</string>
				<string>E4C2424610CC5A17004149E2</string>
				<string>E45BE9710E8CC7DD009D7055</string>
				<string>E45BE9720E8CC7DD009D7055</string>
				<string>E45BE9730E8CC7DD009D7055</string>
				<string>E45BE9740E8CC7DD009D7055</string>
				<string>E45BE9750E8CC7DD009D7055</string>
				<string>E45BE9760E8CC7DD009D7055</string>
				<string>E45BE9770E8CC7DD009D7055</string>
				<string>E45BE9790E8CC7DD009D7055</string>
				<string>E45BE97A0E8CC7DD009D7055</string>
				<string>E7E077E415D3B63C0020DFD4</string>
				<string>E7E077E715D3B6510020DFD4</string>
			</array>
			<key>isa</key>
			<string>PBXGroup</string>
			<key>name</key>
			<string>system frameworks</string>
			<key>sourceTree</key>
			<string>&lt;group&gt;</string>
		</dict>
		<key>BBAB23CA13894EDB00AA2426</key>
		<dict>
			<key>children</key>
			<array>
				<string>BBAB23BE13894E4700AA2426</string>
			</array>
			<key>isa</key>
			<string>PBXGroup</string>
			<key>name</key>
			<string>3rd party frameworks</string>
			<key>sourceTree</key>
			<string>&lt;group&gt;</string>
		</dict>
		<key>BFC86602DFCA82C2E2D534F3</key>
		<dict>
			<key>fileEncoding</key>
			<string>4</string>
			<key>isa</key>
			<string>PBXFileReference</string>
			<key>lastKnownFileType</key>
			<string>sourcecode.c.h</string>
			<key>path</key>
			<string>Label.h</string>
			<key>sourceTree</key>
			<string>&lt;group&gt;</string>
		</dict>
		<key>BFF17880C7E8BC5D45C87AF0</key>
		<dict>
			<key>fileEncoding</key>
			<string>4</string>
			<key>isa</key>
			<string>PBXFileReference</string>
			<key>lastKnownFileType</key>
			<string>sourcecode.c.h</string>
			<key>path</key>
			<string>ofxAvUtils.h</string>
			<key>sourceTree</key>
			<string>&lt;group&gt;</string>
		</dict>
		<key>C05CD71D597596BBE2C35D82</key>
		<dict>
			<key>fileRef</key>
			<string>98FCF23F427DE6A108C15AA6</string>
			<key>isa</key>
			<string>PBXBuildFile</string>
		</dict>
		<key>C4E6595B0C243ADE291984F7</key>
		<dict>
			<key>fileEncoding</key>
			<string>4</string>
			<key>isa</key>
			<string>PBXFileReference</string>
			<key>lastKnownFileType</key>
			<string>sourcecode.cpp.cpp</string>
			<key>path</key>
			<string>Helpers.cpp</string>
			<key>sourceTree</key>
			<string>&lt;group&gt;</string>
		</dict>
		<key>C4EE025858972BDAAD83BF84</key>
		<dict>
			<key>children</key>
			<array>
				<string>9A8EF6C4532FDDF483C69AC2</string>
				<string>AFAD63D11F806A4597D935C0</string>
				<string>B010667371FA0B1D276AD141</string>
			</array>
			<key>isa</key>
			<string>PBXGroup</string>
			<key>path</key>
			<string>src</string>
			<key>sourceTree</key>
			<string>&lt;group&gt;</string>
		</dict>
		<key>C6E336E9778AC36F296922B4</key>
		<dict>
			<key>fileRef</key>
			<string>0E096E79A1021312BAE600E8</string>
			<key>isa</key>
			<string>PBXBuildFile</string>
		</dict>
		<key>C746D93FB7F1F1E072BD5073</key>
		<dict>
			<key>fileRef</key>
			<string>9439510945C804E7C475C20A</string>
			<key>isa</key>
			<string>PBXBuildFile</string>
		</dict>
		<key>CA27AF5B36F66F2A1AECA205</key>
		<dict>
			<key>fileEncoding</key>
			<string>4</string>
			<key>isa</key>
			<string>PBXFileReference</string>
			<key>lastKnownFileType</key>
			<string>sourcecode.c.h</string>
			<key>path</key>
			<string>MuiTextArea.h</string>
			<key>sourceTree</key>
			<string>&lt;group&gt;</string>
		</dict>
		<key>CA39C804B514C2081D4B78BC</key>
		<dict>
			<key>fileEncoding</key>
			<string>4</string>
			<key>isa</key>
			<string>PBXFileReference</string>
			<key>lastKnownFileType</key>
			<string>sourcecode.cpp.cpp</string>
			<key>path</key>
			<string>TextField.cpp</string>
			<key>sourceTree</key>
			<string>&lt;group&gt;</string>
		</dict>
		<key>CA75F2B0F73B71281C9D21AE</key>
		<dict>
			<key>fileRef</key>
			<string>110B722BF8FF24E188B393E0</string>
			<key>isa</key>
			<string>PBXBuildFile</string>
		</dict>
		<key>CA913EA6DCDD413B74FE5D31</key>
		<dict>
			<key>fileRef</key>
			<string>AFAD63D11F806A4597D935C0</string>
			<key>isa</key>
			<string>PBXBuildFile</string>
		</dict>
		<key>CAFA934398F1617B277FA8A1</key>
		<dict>
			<key>fileRef</key>
			<string>26D59B6F54AD43E7B13D25C2</string>
			<key>isa</key>
			<string>PBXBuildFile</string>
		</dict>
		<key>CBA5266B518AA438E7D47F81</key>
		<dict>
			<key>fileEncoding</key>
			<string>4</string>
			<key>isa</key>
			<string>PBXFileReference</string>
			<key>lastKnownFileType</key>
			<string>sourcecode.cpp.cpp</string>
			<key>path</key>
			<string>ofxAvAudioWriter.cpp</string>
			<key>sourceTree</key>
			<string>&lt;group&gt;</string>
		</dict>
		<key>CC377B7E1C1A7594D8F40115</key>
		<dict>
			<key>fileEncoding</key>
			<string>4</string>
			<key>isa</key>
			<string>PBXFileReference</string>
			<key>lastKnownFileType</key>
			<string>sourcecode.cpp.cpp</string>
			<key>path</key>
			<string>Label.cpp</string>
			<key>sourceTree</key>
			<string>&lt;group&gt;</string>
		</dict>
		<key>D112FB27050E454F34ABB6B2</key>
		<dict>
			<key>fileRef</key>
			<string>88DC2EDABCBC86DA517F92B3</string>
			<key>isa</key>
			<string>PBXBuildFile</string>
		</dict>
		<key>D2D0A2EB19E4B702FD84B7AC</key>
		<dict>
			<key>children</key>
			<array>
				<string>1CA38CE0608E3BBB595BCDFE</string>
				<string>9C5EB5FFD6398B191CA9F63D</string>
				<string>CBA5266B518AA438E7D47F81</string>
				<string>E4B4338F6049A6B94D4D1837</string>
				<string>1D9645D095F60AB365003B06</string>
				<string>BFF17880C7E8BC5D45C87AF0</string>
				<string>DE20CC7E93C234CAC12A58AF</string>
				<string>DF0C644E46C7729155583D09</string>
			</array>
			<key>isa</key>
			<string>PBXGroup</string>
			<key>path</key>
			<string>src</string>
			<key>sourceTree</key>
			<string>&lt;group&gt;</string>
		</dict>
		<key>D64C29FDF8347CFEE09FDF92</key>
		<dict>
			<key>fileRef</key>
			<string>B5E2643A08392C8D41DA1D26</string>
			<key>isa</key>
			<string>PBXBuildFile</string>
		</dict>
		<key>D8F6AF6805C3BED2EBA192F9</key>
		<dict>
			<key>fileEncoding</key>
			<string>4</string>
			<key>isa</key>
			<string>PBXFileReference</string>
			<key>lastKnownFileType</key>
			<string>sourcecode.c.h</string>
			<key>path</key>
			<string>glfontstash.h</string>
			<key>sourceTree</key>
			<string>&lt;group&gt;</string>
		</dict>
		<key>D93805C37AB468ED5C6D7AD9</key>
		<dict>
			<key>fileEncoding</key>
			<string>4</string>
			<key>isa</key>
			<string>PBXFileReference</string>
			<key>lastKnownFileType</key>
			<string>sourcecode.c.h</string>
			<key>path</key>
			<string>SliderWithLabel.h</string>
			<key>sourceTree</key>
			<string>&lt;group&gt;</string>
		</dict>
		<key>DDC8EC91E48884FFB46E26FB</key>
		<dict>
			<key>fileEncoding</key>
			<string>4</string>
			<key>isa</key>
			<string>PBXFileReference</string>
			<key>lastKnownFileType</key>
			<string>sourcecode.cpp.cpp</string>
			<key>path</key>
			<string>CppTweener.cpp</string>
			<key>sourceTree</key>
			<string>&lt;group&gt;</string>
		</dict>
		<key>DE20CC7E93C234CAC12A58AF</key>
		<dict>
			<key>fileEncoding</key>
			<string>4</string>
			<key>isa</key>
			<string>PBXFileReference</string>
			<key>lastKnownFileType</key>
			<string>sourcecode.cpp.cpp</string>
			<key>path</key>
			<string>ofxAvVideoPlayer.cpp</string>
			<key>sourceTree</key>
			<string>&lt;group&gt;</string>
		</dict>
		<key>DEB674ED2671AC7658B14059</key>
		<dict>
			<key>fileEncoding</key>
			<string>4</string>
			<key>isa</key>
			<string>PBXFileReference</string>
			<key>lastKnownFileType</key>
			<string>sourcecode.cpp.cpp</string>
			<key>path</key>
			<string>SegmentedSelect.cpp</string>
			<key>sourceTree</key>
			<string>&lt;group&gt;</string>
		</dict>
		<key>DF0C644E46C7729155583D09</key>
		<dict>
			<key>fileEncoding</key>
			<string>4</string>
			<key>isa</key>
			<string>PBXFileReference</string>
			<key>lastKnownFileType</key>
			<string>sourcecode.c.h</string>
			<key>path</key>
			<string>ofxAvVideoPlayer.h</string>
			<key>sourceTree</key>
			<string>&lt;group&gt;</string>
		</dict>
		<key>E237CE8195D6012BF10C266B</key>
		<dict>
			<key>fileRef</key>
			<string>8D8426D466CDE2C2A87A7DFE</string>
			<key>isa</key>
			<string>PBXBuildFile</string>
		</dict>
		<key>E269825F55A357AABA89E504</key>
		<dict>
			<key>fileRef</key>
			<string>DDC8EC91E48884FFB46E26FB</string>
			<key>isa</key>
			<string>PBXBuildFile</string>
		</dict>
		<key>E4328143138ABC890047C5CB</key>
		<dict>
			<key>isa</key>
			<string>PBXFileReference</string>
			<key>lastKnownFileType</key>
			<string>wrapper.pb-project</string>
			<key>name</key>
			<string>openFrameworksLib.xcodeproj</string>
			<key>path</key>
			<string>../../../libs/openFrameworksCompiled/project/osx/openFrameworksLib.xcodeproj</string>
			<key>sourceTree</key>
			<string>SOURCE_ROOT</string>
		</dict>
		<key>E4328144138ABC890047C5CB</key>
		<dict>
			<key>children</key>
			<array>
				<string>E4328148138ABC890047C5CB</string>
			</array>
			<key>isa</key>
			<string>PBXGroup</string>
			<key>name</key>
			<string>Products</string>
			<key>sourceTree</key>
			<string>&lt;group&gt;</string>
		</dict>
		<key>E4328147138ABC890047C5CB</key>
		<dict>
			<key>containerPortal</key>
			<string>E4328143138ABC890047C5CB</string>
			<key>isa</key>
			<string>PBXContainerItemProxy</string>
			<key>proxyType</key>
			<string>2</string>
			<key>remoteGlobalIDString</key>
			<string>E4B27C1510CBEB8E00536013</string>
			<key>remoteInfo</key>
			<string>openFrameworks</string>
		</dict>
		<key>E4328148138ABC890047C5CB</key>
		<dict>
			<key>fileType</key>
			<string>archive.ar</string>
			<key>isa</key>
			<string>PBXReferenceProxy</string>
			<key>path</key>
			<string>openFrameworksDebug.a</string>
			<key>remoteRef</key>
			<string>E4328147138ABC890047C5CB</string>
			<key>sourceTree</key>
			<string>BUILT_PRODUCTS_DIR</string>
		</dict>
		<key>E4328149138ABC9F0047C5CB</key>
		<dict>
			<key>fileRef</key>
			<string>E4328148138ABC890047C5CB</string>
			<key>isa</key>
			<string>PBXBuildFile</string>
		</dict>
		<key>E45BE5980E8CC70C009D7055</key>
		<dict>
			<key>children</key>
			<array>
				<string>BBAB23CA13894EDB00AA2426</string>
				<string>BBAB23C913894ECA00AA2426</string>
			</array>
			<key>isa</key>
			<string>PBXGroup</string>
			<key>name</key>
			<string>frameworks</string>
			<key>sourceTree</key>
			<string>&lt;group&gt;</string>
		</dict>
		<key>E45BE9710E8CC7DD009D7055</key>
		<dict>
			<key>isa</key>
			<string>PBXFileReference</string>
			<key>lastKnownFileType</key>
			<string>wrapper.framework</string>
			<key>name</key>
			<string>AGL.framework</string>
			<key>path</key>
			<string>/System/Library/Frameworks/AGL.framework</string>
			<key>sourceTree</key>
			<string>&lt;absolute&gt;</string>
		</dict>
		<key>E45BE9720E8CC7DD009D7055</key>
		<dict>
			<key>isa</key>
			<string>PBXFileReference</string>
			<key>lastKnownFileType</key>
			<string>wrapper.framework</string>
			<key>name</key>
			<string>ApplicationServices.framework</string>
			<key>path</key>
			<string>/System/Library/Frameworks/ApplicationServices.framework</string>
			<key>sourceTree</key>
			<string>&lt;absolute&gt;</string>
		</dict>
		<key>E45BE9730E8CC7DD009D7055</key>
		<dict>
			<key>isa</key>
			<string>PBXFileReference</string>
			<key>lastKnownFileType</key>
			<string>wrapper.framework</string>
			<key>name</key>
			<string>AudioToolbox.framework</string>
			<key>path</key>
			<string>/System/Library/Frameworks/AudioToolbox.framework</string>
			<key>sourceTree</key>
			<string>&lt;absolute&gt;</string>
		</dict>
		<key>E45BE9740E8CC7DD009D7055</key>
		<dict>
			<key>isa</key>
			<string>PBXFileReference</string>
			<key>lastKnownFileType</key>
			<string>wrapper.framework</string>
			<key>name</key>
			<string>Carbon.framework</string>
			<key>path</key>
			<string>/System/Library/Frameworks/Carbon.framework</string>
			<key>sourceTree</key>
			<string>&lt;absolute&gt;</string>
		</dict>
		<key>E45BE9750E8CC7DD009D7055</key>
		<dict>
			<key>isa</key>
			<string>PBXFileReference</string>
			<key>lastKnownFileType</key>
			<string>wrapper.framework</string>
			<key>name</key>
			<string>CoreAudio.framework</string>
			<key>path</key>
			<string>/System/Library/Frameworks/CoreAudio.framework</string>
			<key>sourceTree</key>
			<string>&lt;absolute&gt;</string>
		</dict>
		<key>E45BE9760E8CC7DD009D7055</key>
		<dict>
			<key>isa</key>
			<string>PBXFileReference</string>
			<key>lastKnownFileType</key>
			<string>wrapper.framework</string>
			<key>name</key>
			<string>CoreFoundation.framework</string>
			<key>path</key>
			<string>/System/Library/Frameworks/CoreFoundation.framework</string>
			<key>sourceTree</key>
			<string>&lt;absolute&gt;</string>
		</dict>
		<key>E45BE9770E8CC7DD009D7055</key>
		<dict>
			<key>isa</key>
			<string>PBXFileReference</string>
			<key>lastKnownFileType</key>
			<string>wrapper.framework</string>
			<key>name</key>
			<string>CoreServices.framework</string>
			<key>path</key>
			<string>/System/Library/Frameworks/CoreServices.framework</string>
			<key>sourceTree</key>
			<string>&lt;absolute&gt;</string>
		</dict>
		<key>E45BE9790E8CC7DD009D7055</key>
		<dict>
			<key>isa</key>
			<string>PBXFileReference</string>
			<key>lastKnownFileType</key>
			<string>wrapper.framework</string>
			<key>name</key>
			<string>OpenGL.framework</string>
			<key>path</key>
			<string>/System/Library/Frameworks/OpenGL.framework</string>
			<key>sourceTree</key>
			<string>&lt;absolute&gt;</string>
		</dict>
		<key>E45BE97A0E8CC7DD009D7055</key>
		<dict>
			<key>isa</key>
			<string>PBXFileReference</string>
			<key>lastKnownFileType</key>
			<string>wrapper.framework</string>
			<key>name</key>
			<string>QuickTime.framework</string>
			<key>path</key>
			<string>/System/Library/Frameworks/QuickTime.framework</string>
			<key>sourceTree</key>
			<string>&lt;absolute&gt;</string>
		</dict>
		<key>E45BE97B0E8CC7DD009D7055</key>
		<dict>
			<key>fileRef</key>
			<string>E45BE9710E8CC7DD009D7055</string>
			<key>isa</key>
			<string>PBXBuildFile</string>
		</dict>
		<key>E45BE97C0E8CC7DD009D7055</key>
		<dict>
			<key>fileRef</key>
			<string>E45BE9720E8CC7DD009D7055</string>
			<key>isa</key>
			<string>PBXBuildFile</string>
		</dict>
		<key>E45BE97D0E8CC7DD009D7055</key>
		<dict>
			<key>fileRef</key>
			<string>E45BE9730E8CC7DD009D7055</string>
			<key>isa</key>
			<string>PBXBuildFile</string>
		</dict>
		<key>E45BE97E0E8CC7DD009D7055</key>
		<dict>
			<key>fileRef</key>
			<string>E45BE9740E8CC7DD009D7055</string>
			<key>isa</key>
			<string>PBXBuildFile</string>
		</dict>
		<key>E45BE97F0E8CC7DD009D7055</key>
		<dict>
			<key>fileRef</key>
			<string>E45BE9750E8CC7DD009D7055</string>
			<key>isa</key>
			<string>PBXBuildFile</string>
		</dict>
		<key>E45BE9800E8CC7DD009D7055</key>
		<dict>
			<key>fileRef</key>
			<string>E45BE9760E8CC7DD009D7055</string>
			<key>isa</key>
			<string>PBXBuildFile</string>
		</dict>
		<key>E45BE9810E8CC7DD009D7055</key>
		<dict>
			<key>fileRef</key>
			<string>E45BE9770E8CC7DD009D7055</string>
			<key>isa</key>
			<string>PBXBuildFile</string>
		</dict>
		<key>E45BE9830E8CC7DD009D7055</key>
		<dict>
			<key>fileRef</key>
			<string>E45BE9790E8CC7DD009D7055</string>
			<key>isa</key>
			<string>PBXBuildFile</string>
		</dict>
		<key>E45BE9840E8CC7DD009D7055</key>
		<dict>
			<key>fileRef</key>
			<string>E45BE97A0E8CC7DD009D7055</string>
			<key>isa</key>
			<string>PBXBuildFile</string>
		</dict>
		<key>E4B4338F6049A6B94D4D1837</key>
		<dict>
			<key>fileEncoding</key>
			<string>4</string>
			<key>isa</key>
			<string>PBXFileReference</string>
			<key>lastKnownFileType</key>
			<string>sourcecode.c.h</string>
			<key>path</key>
			<string>ofxAvAudioWriter.h</string>
			<key>sourceTree</key>
			<string>&lt;group&gt;</string>
		</dict>
		<key>E4B69B4A0A3A1720003C02F2</key>
		<dict>
			<key>children</key>
			<array>
				<string>BA5D0A231B9C902300D10946</string>
				<string>BABA49661A866519000900B1</string>
				<string>BA54981C19F725C1007E9F6A</string>
				<string>E4B6FCAD0C3E899E008CF71C</string>
				<string>E4EB6923138AFD0F00A09F29</string>
				<string>E4B69E1C0A3A1BDC003C02F2</string>
				<string>E4EEC9E9138DF44700A80321</string>
				<string>BB4B014C10F69532006C3DED</string>
				<string>E45BE5980E8CC70C009D7055</string>
				<string>E4B69B5B0A3A1756003C02F2</string>
				<string>1A0880B242152CFA688DF129</string>
			</array>
			<key>isa</key>
			<string>PBXGroup</string>
			<key>sourceTree</key>
			<string>&lt;group&gt;</string>
		</dict>
		<key>E4B69B4C0A3A1720003C02F2</key>
		<dict>
			<key>attributes</key>
			<dict>
				<key>LastUpgradeCheck</key>
				<string>0620</string>
			</dict>
			<key>buildConfigurationList</key>
			<string>E4B69B4D0A3A1720003C02F2</string>
			<key>compatibilityVersion</key>
			<string>Xcode 3.2</string>
			<key>developmentRegion</key>
			<string>English</string>
			<key>hasScannedForEncodings</key>
			<string>0</string>
			<key>isa</key>
			<string>PBXProject</string>
			<key>knownRegions</key>
			<array>
				<string>English</string>
				<string>Japanese</string>
				<string>French</string>
				<string>German</string>
			</array>
			<key>mainGroup</key>
			<string>E4B69B4A0A3A1720003C02F2</string>
			<key>productRefGroup</key>
			<string>E4B69B4A0A3A1720003C02F2</string>
			<key>projectDirPath</key>
			<string></string>
			<key>projectReferences</key>
			<array>
				<dict>
					<key>ProductGroup</key>
					<string>E4328144138ABC890047C5CB</string>
					<key>ProjectRef</key>
					<string>E4328143138ABC890047C5CB</string>
				</dict>
			</array>
			<key>projectRoot</key>
			<string></string>
			<key>targets</key>
			<array>
				<string>E4B69B5A0A3A1756003C02F2</string>
			</array>
		</dict>
		<key>E4B69B4D0A3A1720003C02F2</key>
		<dict>
			<key>buildConfigurations</key>
			<array>
				<string>E4B69B4E0A3A1720003C02F2</string>
				<string>E4B69B4F0A3A1720003C02F2</string>
			</array>
			<key>defaultConfigurationIsVisible</key>
			<string>0</string>
			<key>defaultConfigurationName</key>
			<string>Release</string>
			<key>isa</key>
			<string>XCConfigurationList</string>
		</dict>
		<key>E4B69B4E0A3A1720003C02F2</key>
		<dict>
			<key>baseConfigurationReference</key>
			<string>E4EB6923138AFD0F00A09F29</string>
			<key>buildSettings</key>
			<dict>
				<key>ARCHS</key>
				<string>$(NATIVE_ARCH)</string>
				<key>CONFIGURATION_BUILD_DIR</key>
				<string>$(SRCROOT)/bin/</string>
				<key>COPY_PHASE_STRIP</key>
				<string>NO</string>
				<key>DEAD_CODE_STRIPPING</key>
				<string>YES</string>
				<key>GCC_AUTO_VECTORIZATION</key>
				<string>YES</string>
				<key>GCC_ENABLE_SSE3_EXTENSIONS</key>
				<string>YES</string>
				<key>GCC_ENABLE_SUPPLEMENTAL_SSE3_INSTRUCTIONS</key>
				<string>YES</string>
				<key>GCC_INLINES_ARE_PRIVATE_EXTERN</key>
				<string>NO</string>
				<key>GCC_OPTIMIZATION_LEVEL</key>
				<string>0</string>
				<key>GCC_SYMBOLS_PRIVATE_EXTERN</key>
				<string>NO</string>
				<key>GCC_WARN_ABOUT_DEPRECATED_FUNCTIONS</key>
				<string>YES</string>
				<key>GCC_WARN_ABOUT_INVALID_OFFSETOF_MACRO</key>
				<string>NO</string>
				<key>GCC_WARN_ALLOW_INCOMPLETE_PROTOCOL</key>
				<string>NO</string>
				<key>GCC_WARN_UNINITIALIZED_AUTOS</key>
				<string>NO</string>
				<key>GCC_WARN_UNUSED_VALUE</key>
				<string>NO</string>
				<key>GCC_WARN_UNUSED_VARIABLE</key>
				<string>NO</string>
				<key>HEADER_SEARCH_PATHS</key>
				<array>
					<string>$(OF_CORE_HEADERS)</string>
					<string>src</string>
				</array>
				<key>MACOSX_DEPLOYMENT_TARGET</key>
				<string>10.6</string>
				<key>OTHER_CPLUSPLUSFLAGS</key>
				<array>
					<string>-D__MACOSX_CORE__</string>
					<string>-lpthread</string>
					<string>-mtune=native</string>
				</array>
				<key>SDKROOT</key>
				<string>macosx</string>
			</dict>
			<key>isa</key>
			<string>XCBuildConfiguration</string>
			<key>name</key>
			<string>Debug</string>
		</dict>
		<key>E4B69B4F0A3A1720003C02F2</key>
		<dict>
			<key>baseConfigurationReference</key>
			<string>E4EB6923138AFD0F00A09F29</string>
			<key>buildSettings</key>
			<dict>
				<key>ARCHS</key>
				<string>$(NATIVE_ARCH)</string>
				<key>CONFIGURATION_BUILD_DIR</key>
				<string>$(SRCROOT)/bin/</string>
				<key>COPY_PHASE_STRIP</key>
				<string>YES</string>
				<key>DEAD_CODE_STRIPPING</key>
				<string>YES</string>
				<key>GCC_AUTO_VECTORIZATION</key>
				<string>YES</string>
				<key>GCC_ENABLE_SSE3_EXTENSIONS</key>
				<string>YES</string>
				<key>GCC_ENABLE_SUPPLEMENTAL_SSE3_INSTRUCTIONS</key>
				<string>YES</string>
				<key>GCC_INLINES_ARE_PRIVATE_EXTERN</key>
				<string>NO</string>
				<key>GCC_OPTIMIZATION_LEVEL</key>
				<string>3</string>
				<key>GCC_SYMBOLS_PRIVATE_EXTERN</key>
				<string>NO</string>
				<key>GCC_UNROLL_LOOPS</key>
				<string>YES</string>
				<key>GCC_WARN_ABOUT_DEPRECATED_FUNCTIONS</key>
				<string>YES</string>
				<key>GCC_WARN_ABOUT_INVALID_OFFSETOF_MACRO</key>
				<string>NO</string>
				<key>GCC_WARN_ALLOW_INCOMPLETE_PROTOCOL</key>
				<string>NO</string>
				<key>GCC_WARN_UNINITIALIZED_AUTOS</key>
				<string>NO</string>
				<key>GCC_WARN_UNUSED_VALUE</key>
				<string>NO</string>
				<key>GCC_WARN_UNUSED_VARIABLE</key>
				<string>NO</string>
				<key>HEADER_SEARCH_PATHS</key>
				<array>
					<string>$(OF_CORE_HEADERS)</string>
					<string>src</string>
				</array>
				<key>MACOSX_DEPLOYMENT_TARGET</key>
				<string>10.6</string>
				<key>OTHER_CPLUSPLUSFLAGS</key>
				<array>
					<string>-D__MACOSX_CORE__</string>
					<string>-lpthread</string>
					<string>-mtune=native</string>
				</array>
				<key>SDKROOT</key>
				<string>macosx</string>
			</dict>
			<key>isa</key>
			<string>XCBuildConfiguration</string>
			<key>name</key>
			<string>Release</string>
		</dict>
		<key>E4B69B580A3A1756003C02F2</key>
		<dict>
			<key>buildActionMask</key>
			<string>2147483647</string>
			<key>files</key>
			<array>
				<string>BA9F97411B6512FA00A453D6</string>
				<string>E4B69E200A3A1BDC003C02F2</string>
				<string>BA54982119F7274C007E9F6A</string>
				<string>BA54982719F740CE007E9F6A</string>
				<string>BA828D2D1B378E6D002DE63F</string>
				<string>BAEE5D281B5FB3D10038C838</string>
				<string>BA828D2A1B378A7D002DE63F</string>
				<string>BADACB631C12F89100ED221C</string>
				<string>BAFE8DBD1BDE66B4004BA599</string>
				<string>BA5EE4CF1D560E4800499D80</string>
				<string>BA5EE4D01D560E4800499D80</string>
				<string>CAFA934398F1617B277FA8A1</string>
				<string>79139E8FF25B4453D2D2B2FE</string>
				<string>CA913EA6DCDD413B74FE5D31</string>
				<string>79231EEC98689F0515694AAA</string>
				<string>3CFDC0070C0D9DC4C85AF4DC</string>
				<string>B728886FDA83C1DE0C2F5280</string>
				<string>E269825F55A357AABA89E504</string>
				<string>C05CD71D597596BBE2C35D82</string>
				<string>FC6CDE119FD5744ECE7C526F</string>
				<string>E237CE8195D6012BF10C266B</string>
				<string>B92EFA79541DC1EA518DC974</string>
				<string>E8255C03191A97CE94F5DF82</string>
				<string>59B2636B9FAB86C0A883FC9C</string>
				<string>902CE6911AD8C03D2831D34E</string>
				<string>493DB6A99E6B5FCF052016DD</string>
				<string>C6E336E9778AC36F296922B4</string>
				<string>1C385D463F652176C0987363</string>
				<string>D64C29FDF8347CFEE09FDF92</string>
				<string>C746D93FB7F1F1E072BD5073</string>
				<string>8D9B658B353CDDF212F522BD</string>
				<string>470A0D8A2290257001EEDC9B</string>
				<string>E5D631D3B05AFF06A387A28C</string>
				<string>CA75F2B0F73B71281C9D21AE</string>
				<string>9397802B10847A2C74111D6E</string>
				<string>D112FB27050E454F34ABB6B2</string>
				<string>4CE23CB3B062FA59A47BCD2D</string>
				<string>9F6783C22BE58E43DB564213</string>
				<string>6AB175562C7B8DA5977B6A8E</string>
				<string>69DAF968A1DA7A23073B97F8</string>
				<string>A5FFDE0A56A147BD0EA4E314</string>
			</array>
			<key>isa</key>
			<string>PBXSourcesBuildPhase</string>
			<key>runOnlyForDeploymentPostprocessing</key>
			<string>0</string>
		</dict>
		<key>E4B69B590A3A1756003C02F2</key>
		<dict>
			<key>buildActionMask</key>
			<string>2147483647</string>
			<key>files</key>
			<array>
				<string>E7F985F815E0DEA3003869B5</string>
				<string>E7E077E815D3B6510020DFD4</string>
				<string>E4EB6799138ADC1D00A09F29</string>
				<string>E4328149138ABC9F0047C5CB</string>
				<string>E45BE97B0E8CC7DD009D7055</string>
				<string>E45BE97C0E8CC7DD009D7055</string>
				<string>E45BE97D0E8CC7DD009D7055</string>
				<string>E45BE97E0E8CC7DD009D7055</string>
				<string>E45BE97F0E8CC7DD009D7055</string>
				<string>E45BE9800E8CC7DD009D7055</string>
				<string>E45BE9810E8CC7DD009D7055</string>
				<string>E45BE9830E8CC7DD009D7055</string>
				<string>E45BE9840E8CC7DD009D7055</string>
				<string>E4C2424710CC5A17004149E2</string>
				<string>E4C2424810CC5A17004149E2</string>
				<string>E4C2424910CC5A17004149E2</string>
				<string>E7E077E515D3B63C0020DFD4</string>
			</array>
			<key>isa</key>
			<string>PBXFrameworksBuildPhase</string>
			<key>runOnlyForDeploymentPostprocessing</key>
			<string>0</string>
		</dict>
		<key>E4B69B5A0A3A1756003C02F2</key>
		<dict>
			<key>buildConfigurationList</key>
			<string>E4B69B5F0A3A1757003C02F2</string>
			<key>buildPhases</key>
			<array>
				<string>E4B69B580A3A1756003C02F2</string>
				<string>E4B69B590A3A1756003C02F2</string>
				<string>E4B6FFFD0C3F9AB9008CF71C</string>
				<string>E4C2427710CC5ABF004149E2</string>
				<string>BA583CA71A8667B400F4BCB6</string>
				<string>BA2B89131B531A1800E1D9DA</string>
			</array>
			<key>buildRules</key>
			<array/>
			<key>dependencies</key>
			<array>
				<string>E4EEB9AC138B136A00A80321</string>
			</array>
			<key>isa</key>
			<string>PBXNativeTarget</string>
			<key>name</key>
			<string>Oscilloscope</string>
			<key>productName</key>
			<string>myOFApp</string>
			<key>productReference</key>
			<string>E4B69B5B0A3A1756003C02F2</string>
			<key>productType</key>
			<string>com.apple.product-type.application</string>
		</dict>
		<key>E4B69B5B0A3A1756003C02F2</key>
		<dict>
			<key>explicitFileType</key>
			<string>wrapper.application</string>
			<key>includeInIndex</key>
			<string>0</string>
			<key>isa</key>
			<string>PBXFileReference</string>
			<key>path</key>
			<string>OscilloscopeDebug.app</string>
			<key>sourceTree</key>
			<string>BUILT_PRODUCTS_DIR</string>
		</dict>
		<key>E4B69B5F0A3A1757003C02F2</key>
		<dict>
			<key>buildConfigurations</key>
			<array>
				<string>E4B69B600A3A1757003C02F2</string>
				<string>E4B69B610A3A1757003C02F2</string>
			</array>
			<key>defaultConfigurationIsVisible</key>
			<string>0</string>
			<key>defaultConfigurationName</key>
			<string>Release</string>
			<key>isa</key>
			<string>XCConfigurationList</string>
		</dict>
		<key>E4B69B600A3A1757003C02F2</key>
		<dict>
			<key>buildSettings</key>
			<dict>
				<key>ALWAYS_SEARCH_USER_PATHS</key>
				<string>NO</string>
				<key>ARCHS</key>
				<string>$(ARCHS_STANDARD_64_BIT)</string>
				<key>ASSETCATALOG_COMPILER_APPICON_NAME</key>
				<string>AppIcon</string>
				<key>COMBINE_HIDPI_IMAGES</key>
				<string>YES</string>
				<key>COPY_PHASE_STRIP</key>
				<string>NO</string>
				<key>FRAMEWORK_SEARCH_PATHS</key>
				<array>
					<string>$(inherited)</string>
					<string>$(FRAMEWORK_SEARCH_PATHS_QUOTED_FOR_TARGET_1)</string>
				</array>
				<key>FRAMEWORK_SEARCH_PATHS_QUOTED_FOR_TARGET_1</key>
				<string>"$(SRCROOT)/../../../libs/glut/lib/osx"</string>
				<key>GCC_DYNAMIC_NO_PIC</key>
				<string>NO</string>
				<key>GCC_GENERATE_DEBUGGING_SYMBOLS</key>
				<string>YES</string>
				<key>GCC_MODEL_TUNING</key>
				<string>NONE</string>
				<key>HEADER_SEARCH_PATHS</key>
				<array>
					<string>$(OF_CORE_HEADERS)</string>
					<string>src</string>
					<string>../../../addons/ofxAvCodec/libs/avcodec/include</string>
				</array>
				<key>ICON_FILE</key>
				<string>$(ICON_FILE_PATH)$(ICON)</string>
				<key>INFOPLIST_FILE</key>
				<string>openFrameworks-Info.plist</string>
				<key>INSTALL_PATH</key>
				<string>/Applications</string>
				<key>LIBRARY_SEARCH_PATHS</key>
				<string>$(inherited)</string>
				<key>MACOSX_DEPLOYMENT_TARGET</key>
				<string>10.7</string>
				<key>OTHER_LDFLAGS</key>
				<array>
					<string>$(OF_CORE_FRAMEWORKS)</string>
					<string>$(OF_CORE_LIBS)</string>
					<string>addons/ofxAvCodec/libs/avcodec/lib/osx/libswscale.dylib</string>
					<string>addons/ofxAvCodec/libs/avcodec/lib/osx/libswscale.3.dylib</string>
					<string>addons/ofxAvCodec/libs/avcodec/lib/osx/libswresample.1.2.100.dylib</string>
					<string>addons/ofxAvCodec/libs/avcodec/lib/osx/libavfilter.5.dylib</string>
					<string>addons/ofxAvCodec/libs/avcodec/lib/osx/libavformat.dylib</string>
					<string>addons/ofxAvCodec/libs/avcodec/lib/osx/libavcodec.56.47.100.dylib</string>
					<string>addons/ofxAvCodec/libs/avcodec/lib/osx/libavdevice.56.4.100.dylib</string>
					<string>addons/ofxAvCodec/libs/avcodec/lib/osx/libswscale.3.1.101.dylib</string>
					<string>addons/ofxAvCodec/libs/avcodec/lib/osx/libavfilter.5.21.100.dylib</string>
					<string>addons/ofxAvCodec/libs/avcodec/lib/osx/libavutil.dylib</string>
					<string>addons/ofxAvCodec/libs/avcodec/lib/osx/libswresample.1.dylib</string>
					<string>addons/ofxAvCodec/libs/avcodec/lib/osx/libavutil.54.28.100.dylib</string>
					<string>addons/ofxAvCodec/libs/avcodec/lib/osx/libavfilter.dylib</string>
					<string>addons/ofxAvCodec/libs/avcodec/lib/osx/libavutil.54.dylib</string>
					<string>addons/ofxAvCodec/libs/avcodec/lib/osx/libavdevice.dylib</string>
					<string>addons/ofxAvCodec/libs/avcodec/lib/osx/libavcodec.56.dylib</string>
					<string>addons/ofxAvCodec/libs/avcodec/lib/osx/libswresample.dylib</string>
					<string>addons/ofxAvCodec/libs/avcodec/lib/osx/libavformat.56.dylib</string>
					<string>addons/ofxAvCodec/libs/avcodec/lib/osx/libavformat.56.40.100.dylib</string>
					<string>addons/ofxAvCodec/libs/avcodec/lib/osx/libavcodec.dylib</string>
					<string>addons/ofxAvCodec/libs/avcodec/lib/osx/libavdevice.56.dylib</string>
				</array>
				<key>PRODUCT_NAME</key>
				<string>$(TARGET_NAME)Debug</string>
				<key>USER_HEADER_SEARCH_PATHS</key>
				<array>
					<string></string>
					<string>addons/ofxFontStash2/libs/fontstash/src</string>
					<string>addons/ofxFontStash2/libs/pugixml/src</string>
					<string>addons/ofxMightyUI/libs/stb_textedit/include</string>
					<string>addons/ofxAvCodec/libs/avcodec/include</string>
				</array>
				<key>WRAPPER_EXTENSION</key>
				<string>app</string>
			</dict>
			<key>isa</key>
			<string>XCBuildConfiguration</string>
			<key>name</key>
			<string>Debug</string>
		</dict>
		<key>E4B69B610A3A1757003C02F2</key>
		<dict>
			<key>buildSettings</key>
			<dict>
				<key>ALWAYS_SEARCH_USER_PATHS</key>
				<string>NO</string>
				<key>ARCHS</key>
				<string>$(ARCHS_STANDARD_64_BIT)</string>
				<key>ASSETCATALOG_COMPILER_APPICON_NAME</key>
				<string>AppIcon</string>
				<key>COMBINE_HIDPI_IMAGES</key>
				<string>YES</string>
				<key>COPY_PHASE_STRIP</key>
				<string>YES</string>
				<key>FRAMEWORK_SEARCH_PATHS</key>
				<array>
					<string>$(inherited)</string>
					<string>$(FRAMEWORK_SEARCH_PATHS_QUOTED_FOR_TARGET_1)</string>
				</array>
				<key>FRAMEWORK_SEARCH_PATHS_QUOTED_FOR_TARGET_1</key>
				<string>"$(SRCROOT)/../../../libs/glut/lib/osx"</string>
				<key>GCC_GENERATE_DEBUGGING_SYMBOLS</key>
				<string>YES</string>
				<key>GCC_MODEL_TUNING</key>
				<string>NONE</string>
				<key>HEADER_SEARCH_PATHS</key>
				<array>
					<string>$(OF_CORE_HEADERS)</string>
					<string>src</string>
					<string>../../../addons/ofxAvCodec/libs/avcodec/include</string>
				</array>
				<key>ICON_FILE</key>
				<string>$(ICON_FILE_PATH)$(ICON)</string>
				<key>INFOPLIST_FILE</key>
				<string>openFrameworks-Info.plist</string>
				<key>INSTALL_PATH</key>
				<string>/Applications</string>
				<key>LIBRARY_SEARCH_PATHS</key>
				<string>$(inherited)</string>
				<key>MACOSX_DEPLOYMENT_TARGET</key>
				<string>10.7</string>
				<key>OTHER_LDFLAGS</key>
				<array>
					<string>$(OF_CORE_FRAMEWORKS)</string>
					<string>$(OF_CORE_LIBS)</string>
					<string>addons/ofxAvCodec/libs/avcodec/lib/osx/libswscale.dylib</string>
					<string>addons/ofxAvCodec/libs/avcodec/lib/osx/libswscale.3.dylib</string>
					<string>addons/ofxAvCodec/libs/avcodec/lib/osx/libswresample.1.2.100.dylib</string>
					<string>addons/ofxAvCodec/libs/avcodec/lib/osx/libavfilter.5.dylib</string>
					<string>addons/ofxAvCodec/libs/avcodec/lib/osx/libavformat.dylib</string>
					<string>addons/ofxAvCodec/libs/avcodec/lib/osx/libavcodec.56.47.100.dylib</string>
					<string>addons/ofxAvCodec/libs/avcodec/lib/osx/libavdevice.56.4.100.dylib</string>
					<string>addons/ofxAvCodec/libs/avcodec/lib/osx/libswscale.3.1.101.dylib</string>
					<string>addons/ofxAvCodec/libs/avcodec/lib/osx/libavfilter.5.21.100.dylib</string>
					<string>addons/ofxAvCodec/libs/avcodec/lib/osx/libavutil.dylib</string>
					<string>addons/ofxAvCodec/libs/avcodec/lib/osx/libswresample.1.dylib</string>
					<string>addons/ofxAvCodec/libs/avcodec/lib/osx/libavutil.54.28.100.dylib</string>
					<string>addons/ofxAvCodec/libs/avcodec/lib/osx/libavfilter.dylib</string>
					<string>addons/ofxAvCodec/libs/avcodec/lib/osx/libavutil.54.dylib</string>
					<string>addons/ofxAvCodec/libs/avcodec/lib/osx/libavdevice.dylib</string>
					<string>addons/ofxAvCodec/libs/avcodec/lib/osx/libavcodec.56.dylib</string>
					<string>addons/ofxAvCodec/libs/avcodec/lib/osx/libswresample.dylib</string>
					<string>addons/ofxAvCodec/libs/avcodec/lib/osx/libavformat.56.dylib</string>
					<string>addons/ofxAvCodec/libs/avcodec/lib/osx/libavformat.56.40.100.dylib</string>
					<string>addons/ofxAvCodec/libs/avcodec/lib/osx/libavcodec.dylib</string>
					<string>addons/ofxAvCodec/libs/avcodec/lib/osx/libavdevice.56.dylib</string>
				</array>
				<key>PRODUCT_NAME</key>
				<string>$(TARGET_NAME)</string>
				<key>USER_HEADER_SEARCH_PATHS</key>
				<array>
					<string></string>
					<string>addons/ofxFontStash2/libs/fontstash/src</string>
					<string>addons/ofxFontStash2/libs/pugixml/src</string>
					<string>addons/ofxMightyUI/libs/stb_textedit/include</string>
					<string>addons/ofxAvCodec/libs/avcodec/include</string>
				</array>
				<key>WRAPPER_EXTENSION</key>
				<string>app</string>
			</dict>
			<key>isa</key>
			<string>XCBuildConfiguration</string>
			<key>name</key>
			<string>Release</string>
		</dict>
		<key>E4B69E1C0A3A1BDC003C02F2</key>
		<dict>
			<key>children</key>
			<array>
				<string>BA5EE4CA1D560E4800499D80</string>
				<string>BA828D271B378A6E002DE63F</string>
				<string>BA54981E19F7272C007E9F6A</string>
				<string>E4B69E1D0A3A1BDC003C02F2</string>
				<string>BAEE5D261B5FB3D10038C838</string>
				<string>BAEE5D271B5FB3D10038C838</string>
				<string>BA9F973F1B6512FA00A453D6</string>
				<string>BA9F97401B6512FA00A453D6</string>
			</array>
			<key>isa</key>
			<string>PBXGroup</string>
			<key>path</key>
			<string>src</string>
			<key>sourceTree</key>
			<string>SOURCE_ROOT</string>
		</dict>
		<key>E4B69E1D0A3A1BDC003C02F2</key>
		<dict>
			<key>explicitFileType</key>
			<string>sourcecode.cpp.objcpp</string>
			<key>fileEncoding</key>
			<string>30</string>
			<key>isa</key>
			<string>PBXFileReference</string>
			<key>name</key>
			<string>main.cpp</string>
			<key>path</key>
			<string>src/main.cpp</string>
			<key>sourceTree</key>
			<string>SOURCE_ROOT</string>
		</dict>
		<key>E4B69E200A3A1BDC003C02F2</key>
		<dict>
			<key>fileRef</key>
			<string>E4B69E1D0A3A1BDC003C02F2</string>
			<key>isa</key>
			<string>PBXBuildFile</string>
		</dict>
		<key>E4B6FCAD0C3E899E008CF71C</key>
		<dict>
			<key>fileEncoding</key>
			<string>30</string>
			<key>isa</key>
			<string>PBXFileReference</string>
			<key>lastKnownFileType</key>
			<string>text.plist.xml</string>
			<key>path</key>
			<string>openFrameworks-Info.plist</string>
			<key>sourceTree</key>
			<string>&lt;group&gt;</string>
		</dict>
		<key>E4B6FFFD0C3F9AB9008CF71C</key>
		<dict>
			<key>buildActionMask</key>
			<string>2147483647</string>
			<key>files</key>
			<array/>
			<key>inputPaths</key>
			<array/>
			<key>isa</key>
			<string>PBXShellScriptBuildPhase</string>
			<key>outputPaths</key>
			<array/>
			<key>runOnlyForDeploymentPostprocessing</key>
			<string>0</string>
			<key>shellPath</key>
			<string>/bin/sh</string>
			<key>shellScript</key>
			<string>if [ REMOVED_DEPS -ne "yes"]
then
# Copy libfmod and change install directory for fmod to run
rsync -aved ../../../libs/fmodex/lib/osx/libfmodex.dylib "$TARGET_BUILD_DIR/$PRODUCT_NAME.app/Contents/Frameworks/";
install_name_tool -change @executable_path/libfmodex.dylib @executable_path/../Frameworks/libfmodex.dylib "$TARGET_BUILD_DIR/$PRODUCT_NAME.app/Contents/MacOS/$PRODUCT_NAME";
# Copy GLUT framework (must remove for AppStore submissions)
rsync -aved ../../../libs/glut/lib/osx/GLUT.framework "$TARGET_BUILD_DIR/$PRODUCT_NAME.app/Contents/Frameworks/"
fi

rsync -aved addons/ofxFontAwesome/bin/data/ "$TARGET_BUILD_DIR/$PRODUCT_NAME.app/Contents/Resources"
rsync -aved addons/ofxMightyUI/bin/data/ "$TARGET_BUILD_DIR/$PRODUCT_NAME.app/Contents/Resources"
rsync -aved addons/ofxAvCodec/libs/avcodec/lib/osx/libswscale.dylib "$TARGET_BUILD_DIR/$PRODUCT_NAME.app/Contents/MacOS"
rsync -aved addons/ofxAvCodec/libs/avcodec/lib/osx/libswscale.3.dylib "$TARGET_BUILD_DIR/$PRODUCT_NAME.app/Contents/MacOS"
rsync -aved addons/ofxAvCodec/libs/avcodec/lib/osx/libswresample.1.2.100.dylib "$TARGET_BUILD_DIR/$PRODUCT_NAME.app/Contents/MacOS"
rsync -aved addons/ofxAvCodec/libs/avcodec/lib/osx/libavfilter.5.dylib "$TARGET_BUILD_DIR/$PRODUCT_NAME.app/Contents/MacOS"
rsync -aved addons/ofxAvCodec/libs/avcodec/lib/osx/libavformat.dylib "$TARGET_BUILD_DIR/$PRODUCT_NAME.app/Contents/MacOS"
rsync -aved addons/ofxAvCodec/libs/avcodec/lib/osx/libavcodec.56.47.100.dylib "$TARGET_BUILD_DIR/$PRODUCT_NAME.app/Contents/MacOS"
rsync -aved addons/ofxAvCodec/libs/avcodec/lib/osx/libavdevice.56.4.100.dylib "$TARGET_BUILD_DIR/$PRODUCT_NAME.app/Contents/MacOS"
rsync -aved addons/ofxAvCodec/libs/avcodec/lib/osx/libswscale.3.1.101.dylib "$TARGET_BUILD_DIR/$PRODUCT_NAME.app/Contents/MacOS"
rsync -aved addons/ofxAvCodec/libs/avcodec/lib/osx/libavfilter.5.21.100.dylib "$TARGET_BUILD_DIR/$PRODUCT_NAME.app/Contents/MacOS"
rsync -aved addons/ofxAvCodec/libs/avcodec/lib/osx/libavutil.dylib "$TARGET_BUILD_DIR/$PRODUCT_NAME.app/Contents/MacOS"
rsync -aved addons/ofxAvCodec/libs/avcodec/lib/osx/libavutil.54.28.100.dylib "$TARGET_BUILD_DIR/$PRODUCT_NAME.app/Contents/MacOS"
rsync -aved addons/ofxAvCodec/libs/avcodec/lib/osx/libswresample.1.dylib "$TARGET_BUILD_DIR/$PRODUCT_NAME.app/Contents/MacOS"
rsync -aved addons/ofxAvCodec/libs/avcodec/lib/osx/libavfilter.dylib "$TARGET_BUILD_DIR/$PRODUCT_NAME.app/Contents/MacOS"
rsync -aved addons/ofxAvCodec/libs/avcodec/lib/osx/libavutil.54.dylib "$TARGET_BUILD_DIR/$PRODUCT_NAME.app/Contents/MacOS"
rsync -aved addons/ofxAvCodec/libs/avcodec/lib/osx/libavdevice.dylib "$TARGET_BUILD_DIR/$PRODUCT_NAME.app/Contents/MacOS"
rsync -aved addons/ofxAvCodec/libs/avcodec/lib/osx/libavcodec.56.dylib "$TARGET_BUILD_DIR/$PRODUCT_NAME.app/Contents/MacOS"
rsync -aved addons/ofxAvCodec/libs/avcodec/lib/osx/libswresample.dylib "$TARGET_BUILD_DIR/$PRODUCT_NAME.app/Contents/MacOS"
rsync -aved addons/ofxAvCodec/libs/avcodec/lib/osx/libavformat.56.dylib "$TARGET_BUILD_DIR/$PRODUCT_NAME.app/Contents/MacOS"
rsync -aved addons/ofxAvCodec/libs/avcodec/lib/osx/libavformat.56.40.100.dylib "$TARGET_BUILD_DIR/$PRODUCT_NAME.app/Contents/MacOS"
rsync -aved addons/ofxAvCodec/libs/avcodec/lib/osx/libavcodec.dylib "$TARGET_BUILD_DIR/$PRODUCT_NAME.app/Contents/MacOS"
rsync -aved addons/ofxAvCodec/libs/avcodec/lib/osx/libavdevice.56.dylib "$TARGET_BUILD_DIR/$PRODUCT_NAME.app/Contents/MacOS"</string>
		</dict>
		<key>E4C2424410CC5A17004149E2</key>
		<dict>
			<key>isa</key>
			<string>PBXFileReference</string>
			<key>lastKnownFileType</key>
			<string>wrapper.framework</string>
			<key>name</key>
			<string>AppKit.framework</string>
			<key>path</key>
			<string>/System/Library/Frameworks/AppKit.framework</string>
			<key>sourceTree</key>
			<string>&lt;absolute&gt;</string>
		</dict>
		<key>E4C2424510CC5A17004149E2</key>
		<dict>
			<key>isa</key>
			<string>PBXFileReference</string>
			<key>lastKnownFileType</key>
			<string>wrapper.framework</string>
			<key>name</key>
			<string>Cocoa.framework</string>
			<key>path</key>
			<string>/System/Library/Frameworks/Cocoa.framework</string>
			<key>sourceTree</key>
			<string>&lt;absolute&gt;</string>
		</dict>
		<key>E4C2424610CC5A17004149E2</key>
		<dict>
			<key>isa</key>
			<string>PBXFileReference</string>
			<key>lastKnownFileType</key>
			<string>wrapper.framework</string>
			<key>name</key>
			<string>IOKit.framework</string>
			<key>path</key>
			<string>/System/Library/Frameworks/IOKit.framework</string>
			<key>sourceTree</key>
			<string>&lt;absolute&gt;</string>
		</dict>
		<key>E4C2424710CC5A17004149E2</key>
		<dict>
			<key>fileRef</key>
			<string>E4C2424410CC5A17004149E2</string>
			<key>isa</key>
			<string>PBXBuildFile</string>
		</dict>
		<key>E4C2424810CC5A17004149E2</key>
		<dict>
			<key>fileRef</key>
			<string>E4C2424510CC5A17004149E2</string>
			<key>isa</key>
			<string>PBXBuildFile</string>
		</dict>
		<key>E4C2424910CC5A17004149E2</key>
		<dict>
			<key>fileRef</key>
			<string>E4C2424610CC5A17004149E2</string>
			<key>isa</key>
			<string>PBXBuildFile</string>
		</dict>
		<key>E4C2427710CC5ABF004149E2</key>
		<dict>
			<key>buildActionMask</key>
			<string>2147483647</string>
			<key>dstPath</key>
			<string></string>
			<key>dstSubfolderSpec</key>
			<string>10</string>
			<key>files</key>
			<array/>
			<key>isa</key>
			<string>PBXCopyFilesBuildPhase</string>
			<key>runOnlyForDeploymentPostprocessing</key>
			<string>0</string>
		</dict>
		<key>E4EB6799138ADC1D00A09F29</key>
		<dict>
			<key>fileRef</key>
			<string>BBAB23BE13894E4700AA2426</string>
			<key>isa</key>
			<string>PBXBuildFile</string>
		</dict>
		<key>E4EB691F138AFCF100A09F29</key>
		<dict>
			<key>fileEncoding</key>
			<string>4</string>
			<key>isa</key>
			<string>PBXFileReference</string>
			<key>lastKnownFileType</key>
			<string>text.xcconfig</string>
			<key>name</key>
			<string>CoreOF.xcconfig</string>
			<key>path</key>
			<string>../../../libs/openFrameworksCompiled/project/osx/CoreOF.xcconfig</string>
			<key>sourceTree</key>
			<string>SOURCE_ROOT</string>
		</dict>
		<key>E4EB6923138AFD0F00A09F29</key>
		<dict>
			<key>fileEncoding</key>
			<string>4</string>
			<key>isa</key>
			<string>PBXFileReference</string>
			<key>lastKnownFileType</key>
			<string>text.xcconfig</string>
			<key>path</key>
			<string>Project.xcconfig</string>
			<key>sourceTree</key>
			<string>&lt;group&gt;</string>
		</dict>
		<key>E4EEB9AB138B136A00A80321</key>
		<dict>
			<key>containerPortal</key>
			<string>E4328143138ABC890047C5CB</string>
			<key>isa</key>
			<string>PBXContainerItemProxy</string>
			<key>proxyType</key>
			<string>1</string>
			<key>remoteGlobalIDString</key>
			<string>E4B27C1410CBEB8E00536013</string>
			<key>remoteInfo</key>
			<string>openFrameworks</string>
		</dict>
		<key>E4EEB9AC138B136A00A80321</key>
		<dict>
			<key>isa</key>
			<string>PBXTargetDependency</string>
			<key>name</key>
			<string>openFrameworks</string>
			<key>targetProxy</key>
			<string>E4EEB9AB138B136A00A80321</string>
		</dict>
		<key>E4EEC9E9138DF44700A80321</key>
		<dict>
			<key>children</key>
			<array>
				<string>E4EB691F138AFCF100A09F29</string>
				<string>E4328143138ABC890047C5CB</string>
			</array>
			<key>isa</key>
			<string>PBXGroup</string>
			<key>name</key>
			<string>openFrameworks</string>
			<key>sourceTree</key>
			<string>&lt;group&gt;</string>
		</dict>
		<key>E5D631D3B05AFF06A387A28C</key>
		<dict>
			<key>fileRef</key>
			<string>1A257ABDA31A9FEA901F6957</string>
			<key>isa</key>
			<string>PBXBuildFile</string>
		</dict>
		<key>E7E077E415D3B63C0020DFD4</key>
		<dict>
			<key>isa</key>
			<string>PBXFileReference</string>
			<key>lastKnownFileType</key>
			<string>wrapper.framework</string>
			<key>name</key>
			<string>CoreVideo.framework</string>
			<key>path</key>
			<string>/System/Library/Frameworks/CoreVideo.framework</string>
			<key>sourceTree</key>
			<string>&lt;absolute&gt;</string>
		</dict>
		<key>E7E077E515D3B63C0020DFD4</key>
		<dict>
			<key>fileRef</key>
			<string>E7E077E415D3B63C0020DFD4</string>
			<key>isa</key>
			<string>PBXBuildFile</string>
		</dict>
		<key>E7E077E715D3B6510020DFD4</key>
		<dict>
			<key>isa</key>
			<string>PBXFileReference</string>
			<key>lastKnownFileType</key>
			<string>wrapper.framework</string>
			<key>name</key>
			<string>QTKit.framework</string>
			<key>path</key>
			<string>/System/Library/Frameworks/QTKit.framework</string>
			<key>sourceTree</key>
			<string>&lt;absolute&gt;</string>
		</dict>
		<key>E7E077E815D3B6510020DFD4</key>
		<dict>
			<key>fileRef</key>
			<string>E7E077E715D3B6510020DFD4</string>
			<key>isa</key>
			<string>PBXBuildFile</string>
		</dict>
		<key>E7F985F515E0DE99003869B5</key>
		<dict>
			<key>isa</key>
			<string>PBXFileReference</string>
			<key>lastKnownFileType</key>
			<string>wrapper.framework</string>
			<key>name</key>
			<string>Accelerate.framework</string>
			<key>path</key>
			<string>/System/Library/Frameworks/Accelerate.framework</string>
			<key>sourceTree</key>
			<string>&lt;absolute&gt;</string>
		</dict>
		<key>E7F985F815E0DEA3003869B5</key>
		<dict>
			<key>fileRef</key>
			<string>E7F985F515E0DE99003869B5</string>
			<key>isa</key>
			<string>PBXBuildFile</string>
		</dict>
		<key>E8255C03191A97CE94F5DF82</key>
		<dict>
			<key>fileRef</key>
			<string>CC377B7E1C1A7594D8F40115</string>
			<key>isa</key>
			<string>PBXBuildFile</string>
		</dict>
		<key>EB80D30EC1B32976167B8FF0</key>
		<dict>
			<key>fileEncoding</key>
			<string>4</string>
			<key>isa</key>
			<string>PBXFileReference</string>
			<key>lastKnownFileType</key>
			<string>sourcecode.c.h</string>
			<key>path</key>
			<string>Root.h</string>
			<key>sourceTree</key>
			<string>&lt;group&gt;</string>
		</dict>
		<key>EDA4DA295FDA8C4CB1406348</key>
		<dict>
			<key>fileEncoding</key>
			<string>4</string>
			<key>isa</key>
			<string>PBXFileReference</string>
			<key>lastKnownFileType</key>
			<string>sourcecode.cpp.cpp</string>
			<key>path</key>
			<string>InternalWindow.cpp</string>
			<key>sourceTree</key>
			<string>&lt;group&gt;</string>
		</dict>
		<key>F109CD115324716C35EB1855</key>
		<dict>
			<key>children</key>
			<array>
				<string>53544AEC636ABA172D1EE1EF</string>
				<string>F124F548749FF5DD1AC268B9</string>
			</array>
			<key>isa</key>
			<string>PBXGroup</string>
			<key>path</key>
			<string>libs</string>
			<key>sourceTree</key>
			<string>&lt;group&gt;</string>
		</dict>
		<key>F124F548749FF5DD1AC268B9</key>
		<dict>
			<key>children</key>
			<array>
				<string>054FED2333CDCBDD33B77B7B</string>
			</array>
			<key>isa</key>
			<string>PBXGroup</string>
			<key>path</key>
			<string>pugixml</string>
			<key>sourceTree</key>
			<string>&lt;group&gt;</string>
		</dict>
		<key>F88688668569BCC82A493CF3</key>
		<dict>
			<key>children</key>
			<array>
				<string>7AE11AE0E86890A1EEC5DAC4</string>
			</array>
			<key>isa</key>
			<string>PBXGroup</string>
			<key>path</key>
			<string>fontstash</string>
			<key>sourceTree</key>
			<string>&lt;group&gt;</string>
		</dict>
		<key>FA798853D6872E5FF721121E</key>
		<dict>
			<key>fileEncoding</key>
			<string>4</string>
			<key>isa</key>
			<string>PBXFileReference</string>
			<key>lastKnownFileType</key>
			<string>sourcecode.c.h</string>
			<key>path</key>
			<string>SegmentedSelect.h</string>
			<key>sourceTree</key>
			<string>&lt;group&gt;</string>
		</dict>
		<key>FC6CDE119FD5744ECE7C526F</key>
		<dict>
			<key>fileRef</key>
			<string>C4E6595B0C243ADE291984F7</string>
			<key>isa</key>
			<string>PBXBuildFile</string>
		</dict>
		<key>FD88671DF8B4B266FA2592E9</key>
		<dict>
			<key>fileEncoding</key>
			<string>4</string>
			<key>isa</key>
			<string>PBXFileReference</string>
			<key>lastKnownFileType</key>
			<string>sourcecode.c.h</string>
			<key>path</key>
			<string>MuiConfig.h</string>
			<key>sourceTree</key>
			<string>&lt;group&gt;</string>
		</dict>
	</dict>
	<key>rootObject</key>
	<string>E4B69B4C0A3A1720003C02F2</string>
</dict>
</plist>
